// !$*UTF8*$!
{
	archiveVersion = 1;
	classes = {
	};
	objectVersion = 56;
	objects = {

/* Begin PBXBuildFile section */
		4D1791A72BF1D5BE00E645C9 /* AppDelegate.swift in Sources */ = {isa = PBXBuildFile; fileRef = 4D1791A62BF1D5BE00E645C9 /* AppDelegate.swift */; };
		4D1791A92BF1D5BE00E645C9 /* SceneDelegate.swift in Sources */ = {isa = PBXBuildFile; fileRef = 4D1791A82BF1D5BE00E645C9 /* SceneDelegate.swift */; };
		4D1791AB2BF1D5BE00E645C9 /* AddVocaViewController.swift in Sources */ = {isa = PBXBuildFile; fileRef = 4D1791AA2BF1D5BE00E645C9 /* AddVocaViewController.swift */; };
		4D1791B12BF1D5BE00E645C9 /* Vocabulary.xcdatamodeld in Sources */ = {isa = PBXBuildFile; fileRef = 4D1791AF2BF1D5BE00E645C9 /* Vocabulary.xcdatamodeld */; };
		4D1791B32BF1D5BF00E645C9 /* Assets.xcassets in Resources */ = {isa = PBXBuildFile; fileRef = 4D1791B22BF1D5BF00E645C9 /* Assets.xcassets */; };
		4D1791B62BF1D5BF00E645C9 /* Base in Resources */ = {isa = PBXBuildFile; fileRef = 4D1791B52BF1D5BF00E645C9 /* Base */; };
		4D1791C12BF1E1F700E645C9 /* AddBookCaseViewController.swift in Sources */ = {isa = PBXBuildFile; fileRef = 4D1791C02BF1E1F700E645C9 /* AddBookCaseViewController.swift */; };
		4D1791C32BF1E20F00E645C9 /* VocaQuizViewController.swift in Sources */ = {isa = PBXBuildFile; fileRef = 4D1791C22BF1E20F00E645C9 /* VocaQuizViewController.swift */; };
		4D1791C52BF1E27300E645C9 /* CalenderViewController.swift in Sources */ = {isa = PBXBuildFile; fileRef = 4D1791C42BF1E27300E645C9 /* CalenderViewController.swift */; };
		4D1791C72BF1E27F00E645C9 /* MyPageViewController.swift in Sources */ = {isa = PBXBuildFile; fileRef = 4D1791C62BF1E27F00E645C9 /* MyPageViewController.swift */; };
/* End PBXBuildFile section */

/* Begin PBXFileReference section */
		4D1791A32BF1D5BE00E645C9 /* Vocabulary.app */ = {isa = PBXFileReference; explicitFileType = wrapper.application; includeInIndex = 0; path = Vocabulary.app; sourceTree = BUILT_PRODUCTS_DIR; };
		4D1791A62BF1D5BE00E645C9 /* AppDelegate.swift */ = {isa = PBXFileReference; lastKnownFileType = sourcecode.swift; path = AppDelegate.swift; sourceTree = "<group>"; };
		4D1791A82BF1D5BE00E645C9 /* SceneDelegate.swift */ = {isa = PBXFileReference; lastKnownFileType = sourcecode.swift; path = SceneDelegate.swift; sourceTree = "<group>"; };
		4D1791AA2BF1D5BE00E645C9 /* AddVocaViewController.swift */ = {isa = PBXFileReference; lastKnownFileType = sourcecode.swift; path = AddVocaViewController.swift; sourceTree = "<group>"; };
		4D1791B02BF1D5BE00E645C9 /* Vocabulary.xcdatamodel */ = {isa = PBXFileReference; lastKnownFileType = wrapper.xcdatamodel; path = Vocabulary.xcdatamodel; sourceTree = "<group>"; };
		4D1791B22BF1D5BF00E645C9 /* Assets.xcassets */ = {isa = PBXFileReference; lastKnownFileType = folder.assetcatalog; path = Assets.xcassets; sourceTree = "<group>"; };
		4D1791B52BF1D5BF00E645C9 /* Base */ = {isa = PBXFileReference; lastKnownFileType = file.storyboard; name = Base; path = Base.lproj/LaunchScreen.storyboard; sourceTree = "<group>"; };
		4D1791B72BF1D5BF00E645C9 /* Info.plist */ = {isa = PBXFileReference; lastKnownFileType = text.plist.xml; path = Info.plist; sourceTree = "<group>"; };
		4D1791C02BF1E1F700E645C9 /* AddBookCaseViewController.swift */ = {isa = PBXFileReference; lastKnownFileType = sourcecode.swift; path = AddBookCaseViewController.swift; sourceTree = "<group>"; };
		4D1791C22BF1E20F00E645C9 /* VocaQuizViewController.swift */ = {isa = PBXFileReference; lastKnownFileType = sourcecode.swift; path = VocaQuizViewController.swift; sourceTree = "<group>"; };
		4D1791C42BF1E27300E645C9 /* CalenderViewController.swift */ = {isa = PBXFileReference; lastKnownFileType = sourcecode.swift; path = CalenderViewController.swift; sourceTree = "<group>"; };
		4D1791C62BF1E27F00E645C9 /* MyPageViewController.swift */ = {isa = PBXFileReference; lastKnownFileType = sourcecode.swift; path = MyPageViewController.swift; sourceTree = "<group>"; };
/* End PBXFileReference section */

/* Begin PBXFrameworksBuildPhase section */
		4D1791A02BF1D5BE00E645C9 /* Frameworks */ = {
			isa = PBXFrameworksBuildPhase;
			buildActionMask = 2147483647;
			files = (
			);
			runOnlyForDeploymentPostprocessing = 0;
		};
/* End PBXFrameworksBuildPhase section */

/* Begin PBXGroup section */
		4D17919A2BF1D5BE00E645C9 = {
			isa = PBXGroup;
			children = (
				4D1791A52BF1D5BE00E645C9 /* Vocabulary */,
				4D1791A42BF1D5BE00E645C9 /* Products */,
			);
			sourceTree = "<group>";
		};
		4D1791A42BF1D5BE00E645C9 /* Products */ = {
			isa = PBXGroup;
			children = (
				4D1791A32BF1D5BE00E645C9 /* Vocabulary.app */,
			);
			name = Products;
			sourceTree = "<group>";
		};
		4D1791A52BF1D5BE00E645C9 /* Vocabulary */ = {
			isa = PBXGroup;
			children = (
				4D1791A62BF1D5BE00E645C9 /* AppDelegate.swift */,
				4D1791A82BF1D5BE00E645C9 /* SceneDelegate.swift */,
				612ABC852BF1E9B70056F127 /* Model */,
				4D1791BE2BF1E15700E645C9 /* View */,
				4D1791BF2BF1E15C00E645C9 /* Controller */,
				4D1791B22BF1D5BF00E645C9 /* Assets.xcassets */,
				4D1791B42BF1D5BF00E645C9 /* LaunchScreen.storyboard */,
				4D1791B72BF1D5BF00E645C9 /* Info.plist */,
				4D1791AF2BF1D5BE00E645C9 /* Vocabulary.xcdatamodeld */,
			);
			path = Vocabulary;
			sourceTree = "<group>";
		};
		4D1791BE2BF1E15700E645C9 /* View */ = {
			isa = PBXGroup;
			children = (
			);
			path = View;
			sourceTree = "<group>";
		};
		4D1791BF2BF1E15C00E645C9 /* Controller */ = {
			isa = PBXGroup;
			children = (
				4D1791C02BF1E1F700E645C9 /* AddBookCaseViewController.swift */,
				4D1791AA2BF1D5BE00E645C9 /* AddVocaViewController.swift */,
				4D1791C22BF1E20F00E645C9 /* VocaQuizViewController.swift */,
				4D1791C42BF1E27300E645C9 /* CalenderViewController.swift */,
				4D1791C62BF1E27F00E645C9 /* MyPageViewController.swift */,
			);
			path = Controller;
			sourceTree = "<group>";
		};
		612ABC852BF1E9B70056F127 /* Model */ = {
			isa = PBXGroup;
			children = (
			);
			path = Model;
			sourceTree = "<group>";
		};
/* End PBXGroup section */

/* Begin PBXNativeTarget section */
		4D1791A22BF1D5BE00E645C9 /* Vocabulary */ = {
			isa = PBXNativeTarget;
			buildConfigurationList = 4D1791BA2BF1D5BF00E645C9 /* Build configuration list for PBXNativeTarget "Vocabulary" */;
			buildPhases = (
				4D17919F2BF1D5BE00E645C9 /* Sources */,
				4D1791A02BF1D5BE00E645C9 /* Frameworks */,
				4D1791A12BF1D5BE00E645C9 /* Resources */,
			);
			buildRules = (
			);
			dependencies = (
			);
			name = Vocabulary;
			productName = Vocabulary;
			productReference = 4D1791A32BF1D5BE00E645C9 /* Vocabulary.app */;
			productType = "com.apple.product-type.application";
		};
/* End PBXNativeTarget section */

/* Begin PBXProject section */
		4D17919B2BF1D5BE00E645C9 /* Project object */ = {
			isa = PBXProject;
			attributes = {
				BuildIndependentTargetsInParallel = 1;
				LastSwiftUpdateCheck = 1530;
				LastUpgradeCheck = 1530;
				TargetAttributes = {
					4D1791A22BF1D5BE00E645C9 = {
						CreatedOnToolsVersion = 15.3;
					};
				};
			};
			buildConfigurationList = 4D17919E2BF1D5BE00E645C9 /* Build configuration list for PBXProject "Vocabulary" */;
			compatibilityVersion = "Xcode 14.0";
			developmentRegion = en;
			hasScannedForEncodings = 0;
			knownRegions = (
				en,
				Base,
			);
			mainGroup = 4D17919A2BF1D5BE00E645C9;
			productRefGroup = 4D1791A42BF1D5BE00E645C9 /* Products */;
			projectDirPath = "";
			projectRoot = "";
			targets = (
				4D1791A22BF1D5BE00E645C9 /* Vocabulary */,
			);
		};
/* End PBXProject section */

/* Begin PBXResourcesBuildPhase section */
		4D1791A12BF1D5BE00E645C9 /* Resources */ = {
			isa = PBXResourcesBuildPhase;
			buildActionMask = 2147483647;
			files = (
				4D1791B32BF1D5BF00E645C9 /* Assets.xcassets in Resources */,
				4D1791B62BF1D5BF00E645C9 /* Base in Resources */,
			);
			runOnlyForDeploymentPostprocessing = 0;
		};
/* End PBXResourcesBuildPhase section */

/* Begin PBXSourcesBuildPhase section */
		4D17919F2BF1D5BE00E645C9 /* Sources */ = {
			isa = PBXSourcesBuildPhase;
			buildActionMask = 2147483647;
			files = (
				4D1791AB2BF1D5BE00E645C9 /* AddVocaViewController.swift in Sources */,
				4D1791A72BF1D5BE00E645C9 /* AppDelegate.swift in Sources */,
				4D1791C32BF1E20F00E645C9 /* VocaQuizViewController.swift in Sources */,
				4D1791A92BF1D5BE00E645C9 /* SceneDelegate.swift in Sources */,
				4D1791C52BF1E27300E645C9 /* CalenderViewController.swift in Sources */,
				4D1791C12BF1E1F700E645C9 /* AddBookCaseViewController.swift in Sources */,
				4D1791B12BF1D5BE00E645C9 /* Vocabulary.xcdatamodeld in Sources */,
				4D1791C72BF1E27F00E645C9 /* MyPageViewController.swift in Sources */,
			);
			runOnlyForDeploymentPostprocessing = 0;
		};
/* End PBXSourcesBuildPhase section */

/* Begin PBXVariantGroup section */
		4D1791B42BF1D5BF00E645C9 /* LaunchScreen.storyboard */ = {
			isa = PBXVariantGroup;
			children = (
				4D1791B52BF1D5BF00E645C9 /* Base */,
			);
			name = LaunchScreen.storyboard;
			sourceTree = "<group>";
		};
/* End PBXVariantGroup section */

/* Begin XCBuildConfiguration section */
		4D1791B82BF1D5BF00E645C9 /* Debug */ = {
			isa = XCBuildConfiguration;
			buildSettings = {
				ALWAYS_SEARCH_USER_PATHS = NO;
				ASSETCATALOG_COMPILER_GENERATE_SWIFT_ASSET_SYMBOL_EXTENSIONS = YES;
				CLANG_ANALYZER_NONNULL = YES;
				CLANG_ANALYZER_NUMBER_OBJECT_CONVERSION = YES_AGGRESSIVE;
				CLANG_CXX_LANGUAGE_STANDARD = "gnu++20";
				CLANG_ENABLE_MODULES = YES;
				CLANG_ENABLE_OBJC_ARC = YES;
				CLANG_ENABLE_OBJC_WEAK = YES;
				CLANG_WARN_BLOCK_CAPTURE_AUTORELEASING = YES;
				CLANG_WARN_BOOL_CONVERSION = YES;
				CLANG_WARN_COMMA = YES;
				CLANG_WARN_CONSTANT_CONVERSION = YES;
				CLANG_WARN_DEPRECATED_OBJC_IMPLEMENTATIONS = YES;
				CLANG_WARN_DIRECT_OBJC_ISA_USAGE = YES_ERROR;
				CLANG_WARN_DOCUMENTATION_COMMENTS = YES;
				CLANG_WARN_EMPTY_BODY = YES;
				CLANG_WARN_ENUM_CONVERSION = YES;
				CLANG_WARN_INFINITE_RECURSION = YES;
				CLANG_WARN_INT_CONVERSION = YES;
				CLANG_WARN_NON_LITERAL_NULL_CONVERSION = YES;
				CLANG_WARN_OBJC_IMPLICIT_RETAIN_SELF = YES;
				CLANG_WARN_OBJC_LITERAL_CONVERSION = YES;
				CLANG_WARN_OBJC_ROOT_CLASS = YES_ERROR;
				CLANG_WARN_QUOTED_INCLUDE_IN_FRAMEWORK_HEADER = YES;
				CLANG_WARN_RANGE_LOOP_ANALYSIS = YES;
				CLANG_WARN_STRICT_PROTOTYPES = YES;
				CLANG_WARN_SUSPICIOUS_MOVE = YES;
				CLANG_WARN_UNGUARDED_AVAILABILITY = YES_AGGRESSIVE;
				CLANG_WARN_UNREACHABLE_CODE = YES;
				CLANG_WARN__DUPLICATE_METHOD_MATCH = YES;
				COPY_PHASE_STRIP = NO;
				DEBUG_INFORMATION_FORMAT = dwarf;
				ENABLE_STRICT_OBJC_MSGSEND = YES;
				ENABLE_TESTABILITY = YES;
				ENABLE_USER_SCRIPT_SANDBOXING = YES;
				GCC_C_LANGUAGE_STANDARD = gnu17;
				GCC_DYNAMIC_NO_PIC = NO;
				GCC_NO_COMMON_BLOCKS = YES;
				GCC_OPTIMIZATION_LEVEL = 0;
				GCC_PREPROCESSOR_DEFINITIONS = (
					"DEBUG=1",
					"$(inherited)",
				);
				GCC_WARN_64_TO_32_BIT_CONVERSION = YES;
				GCC_WARN_ABOUT_RETURN_TYPE = YES_ERROR;
				GCC_WARN_UNDECLARED_SELECTOR = YES;
				GCC_WARN_UNINITIALIZED_AUTOS = YES_AGGRESSIVE;
				GCC_WARN_UNUSED_FUNCTION = YES;
				GCC_WARN_UNUSED_VARIABLE = YES;
				IPHONEOS_DEPLOYMENT_TARGET = 17.4;
				LOCALIZATION_PREFERS_STRING_CATALOGS = YES;
				MTL_ENABLE_DEBUG_INFO = INCLUDE_SOURCE;
				MTL_FAST_MATH = YES;
				ONLY_ACTIVE_ARCH = YES;
				SDKROOT = iphoneos;
				SWIFT_ACTIVE_COMPILATION_CONDITIONS = "DEBUG $(inherited)";
				SWIFT_OPTIMIZATION_LEVEL = "-Onone";
			};
			name = Debug;
		};
		4D1791B92BF1D5BF00E645C9 /* Release */ = {
			isa = XCBuildConfiguration;
			buildSettings = {
				ALWAYS_SEARCH_USER_PATHS = NO;
				ASSETCATALOG_COMPILER_GENERATE_SWIFT_ASSET_SYMBOL_EXTENSIONS = YES;
				CLANG_ANALYZER_NONNULL = YES;
				CLANG_ANALYZER_NUMBER_OBJECT_CONVERSION = YES_AGGRESSIVE;
				CLANG_CXX_LANGUAGE_STANDARD = "gnu++20";
				CLANG_ENABLE_MODULES = YES;
				CLANG_ENABLE_OBJC_ARC = YES;
				CLANG_ENABLE_OBJC_WEAK = YES;
				CLANG_WARN_BLOCK_CAPTURE_AUTORELEASING = YES;
				CLANG_WARN_BOOL_CONVERSION = YES;
				CLANG_WARN_COMMA = YES;
				CLANG_WARN_CONSTANT_CONVERSION = YES;
				CLANG_WARN_DEPRECATED_OBJC_IMPLEMENTATIONS = YES;
				CLANG_WARN_DIRECT_OBJC_ISA_USAGE = YES_ERROR;
				CLANG_WARN_DOCUMENTATION_COMMENTS = YES;
				CLANG_WARN_EMPTY_BODY = YES;
				CLANG_WARN_ENUM_CONVERSION = YES;
				CLANG_WARN_INFINITE_RECURSION = YES;
				CLANG_WARN_INT_CONVERSION = YES;
				CLANG_WARN_NON_LITERAL_NULL_CONVERSION = YES;
				CLANG_WARN_OBJC_IMPLICIT_RETAIN_SELF = YES;
				CLANG_WARN_OBJC_LITERAL_CONVERSION = YES;
				CLANG_WARN_OBJC_ROOT_CLASS = YES_ERROR;
				CLANG_WARN_QUOTED_INCLUDE_IN_FRAMEWORK_HEADER = YES;
				CLANG_WARN_RANGE_LOOP_ANALYSIS = YES;
				CLANG_WARN_STRICT_PROTOTYPES = YES;
				CLANG_WARN_SUSPICIOUS_MOVE = YES;
				CLANG_WARN_UNGUARDED_AVAILABILITY = YES_AGGRESSIVE;
				CLANG_WARN_UNREACHABLE_CODE = YES;
				CLANG_WARN__DUPLICATE_METHOD_MATCH = YES;
				COPY_PHASE_STRIP = NO;
				DEBUG_INFORMATION_FORMAT = "dwarf-with-dsym";
				ENABLE_NS_ASSERTIONS = NO;
				ENABLE_STRICT_OBJC_MSGSEND = YES;
				ENABLE_USER_SCRIPT_SANDBOXING = YES;
				GCC_C_LANGUAGE_STANDARD = gnu17;
				GCC_NO_COMMON_BLOCKS = YES;
				GCC_WARN_64_TO_32_BIT_CONVERSION = YES;
				GCC_WARN_ABOUT_RETURN_TYPE = YES_ERROR;
				GCC_WARN_UNDECLARED_SELECTOR = YES;
				GCC_WARN_UNINITIALIZED_AUTOS = YES_AGGRESSIVE;
				GCC_WARN_UNUSED_FUNCTION = YES;
				GCC_WARN_UNUSED_VARIABLE = YES;
				IPHONEOS_DEPLOYMENT_TARGET = 17.4;
				LOCALIZATION_PREFERS_STRING_CATALOGS = YES;
				MTL_ENABLE_DEBUG_INFO = NO;
				MTL_FAST_MATH = YES;
				SDKROOT = iphoneos;
				SWIFT_COMPILATION_MODE = wholemodule;
				VALIDATE_PRODUCT = YES;
			};
			name = Release;
		};
		4D1791BB2BF1D5BF00E645C9 /* Debug */ = {
			isa = XCBuildConfiguration;
			buildSettings = {
				ASSETCATALOG_COMPILER_APPICON_NAME = AppIcon;
				ASSETCATALOG_COMPILER_GLOBAL_ACCENT_COLOR_NAME = AccentColor;
				CODE_SIGN_STYLE = Automatic;
				CURRENT_PROJECT_VERSION = 1;
				DEVELOPMENT_TEAM = LA95MXQ3R5;
				GENERATE_INFOPLIST_FILE = YES;
				INFOPLIST_FILE = Vocabulary/Info.plist;
				INFOPLIST_KEY_UIApplicationSupportsIndirectInputEvents = YES;
				INFOPLIST_KEY_UILaunchStoryboardName = LaunchScreen;
				INFOPLIST_KEY_UIMainStoryboardFile = "";
				INFOPLIST_KEY_UISupportedInterfaceOrientations_iPad = "UIInterfaceOrientationPortrait UIInterfaceOrientationPortraitUpsideDown UIInterfaceOrientationLandscapeLeft UIInterfaceOrientationLandscapeRight";
				INFOPLIST_KEY_UISupportedInterfaceOrientations_iPhone = "UIInterfaceOrientationPortrait UIInterfaceOrientationLandscapeLeft UIInterfaceOrientationLandscapeRight";
				IPHONEOS_DEPLOYMENT_TARGET = 15.0;
				LD_RUNPATH_SEARCH_PATHS = (
					"$(inherited)",
					"@executable_path/Frameworks",
				);
				MARKETING_VERSION = 1.0;
				PRODUCT_BUNDLE_IDENTIFIER = com.sj.Vocabulary;
				PRODUCT_NAME = "$(TARGET_NAME)";
				SWIFT_EMIT_LOC_STRINGS = YES;
				SWIFT_VERSION = 5.0;
				TARGETED_DEVICE_FAMILY = "1,2";
			};
			name = Debug;
		};
		4D1791BC2BF1D5BF00E645C9 /* Release */ = {
			isa = XCBuildConfiguration;
			buildSettings = {
				ASSETCATALOG_COMPILER_APPICON_NAME = AppIcon;
				ASSETCATALOG_COMPILER_GLOBAL_ACCENT_COLOR_NAME = AccentColor;
				CODE_SIGN_STYLE = Automatic;
				CURRENT_PROJECT_VERSION = 1;
				DEVELOPMENT_TEAM = LA95MXQ3R5;
				GENERATE_INFOPLIST_FILE = YES;
				INFOPLIST_FILE = Vocabulary/Info.plist;
				INFOPLIST_KEY_UIApplicationSupportsIndirectInputEvents = YES;
				INFOPLIST_KEY_UILaunchStoryboardName = LaunchScreen;
				INFOPLIST_KEY_UIMainStoryboardFile = "";
				INFOPLIST_KEY_UISupportedInterfaceOrientations_iPad = "UIInterfaceOrientationPortrait UIInterfaceOrientationPortraitUpsideDown UIInterfaceOrientationLandscapeLeft UIInterfaceOrientationLandscapeRight";
				INFOPLIST_KEY_UISupportedInterfaceOrientations_iPhone = "UIInterfaceOrientationPortrait UIInterfaceOrientationLandscapeLeft UIInterfaceOrientationLandscapeRight";
				IPHONEOS_DEPLOYMENT_TARGET = 15.0;
				LD_RUNPATH_SEARCH_PATHS = (
					"$(inherited)",
					"@executable_path/Frameworks",
				);
				MARKETING_VERSION = 1.0;
				PRODUCT_BUNDLE_IDENTIFIER = com.sj.Vocabulary;
				PRODUCT_NAME = "$(TARGET_NAME)";
				SWIFT_EMIT_LOC_STRINGS = YES;
				SWIFT_VERSION = 5.0;
				TARGETED_DEVICE_FAMILY = "1,2";
			};
			name = Release;
		};
/* End XCBuildConfiguration section */

/* Begin XCConfigurationList section */
		4D17919E2BF1D5BE00E645C9 /* Build configuration list for PBXProject "Vocabulary" */ = {
			isa = XCConfigurationList;
			buildConfigurations = (
				4D1791B82BF1D5BF00E645C9 /* Debug */,
				4D1791B92BF1D5BF00E645C9 /* Release */,
			);
			defaultConfigurationIsVisible = 0;
			defaultConfigurationName = Release;
		};
		4D1791BA2BF1D5BF00E645C9 /* Build configuration list for PBXNativeTarget "Vocabulary" */ = {
			isa = XCConfigurationList;
			buildConfigurations = (
				4D1791BB2BF1D5BF00E645C9 /* Debug */,
				4D1791BC2BF1D5BF00E645C9 /* Release */,
			);
			defaultConfigurationIsVisible = 0;
			defaultConfigurationName = Release;
		};
/* End XCConfigurationList section */

/* Begin XCVersionGroup section */
		4D1791AF2BF1D5BE00E645C9 /* Vocabulary.xcdatamodeld */ = {
			isa = XCVersionGroup;
			children = (
				4D1791B02BF1D5BE00E645C9 /* Vocabulary.xcdatamodel */,
			);
			currentVersion = 4D1791B02BF1D5BE00E645C9 /* Vocabulary.xcdatamodel */;
			path = Vocabulary.xcdatamodeld;
			sourceTree = "<group>";
			versionGroupType = wrapper.xcdatamodel;
		};
/* End XCVersionGroup section */
	};
	rootObject = 4D17919B2BF1D5BE00E645C9 /* Project object */;
}
