// !$*UTF8*$!
{
	archiveVersion = 1;
	classes = {
	};
	objectVersion = 56;
	objects = {

/* Begin PBXBuildFile section */
		4D1791A72BF1D5BE00E645C9 /* AppDelegate.swift in Sources */ = {isa = PBXBuildFile; fileRef = 4D1791A62BF1D5BE00E645C9 /* AppDelegate.swift */; };
		4D1791A92BF1D5BE00E645C9 /* SceneDelegate.swift in Sources */ = {isa = PBXBuildFile; fileRef = 4D1791A82BF1D5BE00E645C9 /* SceneDelegate.swift */; };
		4D1791AB2BF1D5BE00E645C9 /* AddVocaViewController.swift in Sources */ = {isa = PBXBuildFile; fileRef = 4D1791AA2BF1D5BE00E645C9 /* AddVocaViewController.swift */; };
		4D1791B12BF1D5BE00E645C9 /* Vocabulary.xcdatamodeld in Sources */ = {isa = PBXBuildFile; fileRef = 4D1791AF2BF1D5BE00E645C9 /* Vocabulary.xcdatamodeld */; };
		4D1791B32BF1D5BF00E645C9 /* Assets.xcassets in Resources */ = {isa = PBXBuildFile; fileRef = 4D1791B22BF1D5BF00E645C9 /* Assets.xcassets */; };
		4D1791B62BF1D5BF00E645C9 /* Base in Resources */ = {isa = PBXBuildFile; fileRef = 4D1791B52BF1D5BF00E645C9 /* Base */; };
		4D1791C12BF1E1F700E645C9 /* BookCaseViewController.swift in Sources */ = {isa = PBXBuildFile; fileRef = 4D1791C02BF1E1F700E645C9 /* BookCaseViewController.swift */; };
		4D1791C32BF1E20F00E645C9 /* VocaQuizViewController.swift in Sources */ = {isa = PBXBuildFile; fileRef = 4D1791C22BF1E20F00E645C9 /* VocaQuizViewController.swift */; };
		4D1791C52BF1E27300E645C9 /* CalenderViewController.swift in Sources */ = {isa = PBXBuildFile; fileRef = 4D1791C42BF1E27300E645C9 /* CalenderViewController.swift */; };
		4D1791C72BF1E27F00E645C9 /* MyPageViewController.swift in Sources */ = {isa = PBXBuildFile; fileRef = 4D1791C62BF1E27F00E645C9 /* MyPageViewController.swift */; };
		4D1791CF2BF2142100E645C9 /* SnapKit in Frameworks */ = {isa = PBXBuildFile; productRef = 4D1791CE2BF2142100E645C9 /* SnapKit */; };
		4D1791D12BF23F0300E645C9 /* CalenderCollectionViewCell.swift in Sources */ = {isa = PBXBuildFile; fileRef = 4D1791D02BF23F0300E645C9 /* CalenderCollectionViewCell.swift */; };
		4D1791D72BF35E0B00E645C9 /* DetailModelViewController.swift in Sources */ = {isa = PBXBuildFile; fileRef = 4D1791D62BF35E0B00E645C9 /* DetailModelViewController.swift */; };
		4D1791D92BF35FFE00E645C9 /* PresentationController.swift in Sources */ = {isa = PBXBuildFile; fileRef = 4D1791D82BF35FFE00E645C9 /* PresentationController.swift */; };
		4D1791DD2BF45AD500E645C9 /* FilterTableViewCell.swift in Sources */ = {isa = PBXBuildFile; fileRef = 4D1791DC2BF45AD500E645C9 /* FilterTableViewCell.swift */; };
		611186EF2BF4DCB6009C2FE9 /* FlashCardViewController.swift in Sources */ = {isa = PBXBuildFile; fileRef = 611186EE2BF4DCB6009C2FE9 /* FlashCardViewController.swift */; };
		611186F22BF4DD5E009C2FE9 /* FlashHeaderView.swift in Sources */ = {isa = PBXBuildFile; fileRef = 611186F12BF4DD5E009C2FE9 /* FlashHeaderView.swift */; };
		611186F42BF4DE09009C2FE9 /* FlashBodyView.swift in Sources */ = {isa = PBXBuildFile; fileRef = 611186F32BF4DE09009C2FE9 /* FlashBodyView.swift */; };
		612ABC892BF1EA480056F127 /* DummyModel.swift in Sources */ = {isa = PBXBuildFile; fileRef = 612ABC882BF1EA480056F127 /* DummyModel.swift */; };
		612ABC8F2BF200370056F127 /* QuizHeaderView.swift in Sources */ = {isa = PBXBuildFile; fileRef = 612ABC8E2BF200370056F127 /* QuizHeaderView.swift */; };
		612ABC912BF2003E0056F127 /* QuizBodyView.swift in Sources */ = {isa = PBXBuildFile; fileRef = 612ABC902BF2003E0056F127 /* QuizBodyView.swift */; };
		618E70572BF2039E007AEDFE /* LabelFactory.swift in Sources */ = {isa = PBXBuildFile; fileRef = 618E70562BF2039E007AEDFE /* LabelFactory.swift */; };
		618E70602BF21970007AEDFE /* Constants.swift in Sources */ = {isa = PBXBuildFile; fileRef = 618E705F2BF21970007AEDFE /* Constants.swift */; };
		618E70662BF229D1007AEDFE /* VocaQuizMainCollectionViewCell.swift in Sources */ = {isa = PBXBuildFile; fileRef = 618E70652BF229D1007AEDFE /* VocaQuizMainCollectionViewCell.swift */; };
		618E70682BF22A66007AEDFE /* CollectionView+Extension.swift in Sources */ = {isa = PBXBuildFile; fileRef = 618E70672BF22A66007AEDFE /* CollectionView+Extension.swift */; };
		618E706A2BF24F2F007AEDFE /* GamePageViewController.swift in Sources */ = {isa = PBXBuildFile; fileRef = 618E70692BF24F2F007AEDFE /* GamePageViewController.swift */; };
		618E706D2BF25328007AEDFE /* GamePageHeaderView.swift in Sources */ = {isa = PBXBuildFile; fileRef = 618E706C2BF25328007AEDFE /* GamePageHeaderView.swift */; };
		618E706F2BF25337007AEDFE /* GamePageBodyView.swift in Sources */ = {isa = PBXBuildFile; fileRef = 618E706E2BF25337007AEDFE /* GamePageBodyView.swift */; };
		618E70712BF25354007AEDFE /* GamePageBottomView.swift in Sources */ = {isa = PBXBuildFile; fileRef = 618E70702BF25354007AEDFE /* GamePageBottomView.swift */; };
		61BCB0542BF2F4B600CF73E4 /* DummyGenerator.swift in Sources */ = {isa = PBXBuildFile; fileRef = 61BCB0532BF2F4B600CF73E4 /* DummyGenerator.swift */; };
		61BCB0562BF337B100CF73E4 /* VocaQuizModel.swift in Sources */ = {isa = PBXBuildFile; fileRef = 61BCB0552BF337B100CF73E4 /* VocaQuizModel.swift */; };
		61BCB0592BF3597C00CF73E4 /* UIResponder+Extension.swift in Sources */ = {isa = PBXBuildFile; fileRef = 61BCB0582BF3597C00CF73E4 /* UIResponder+Extension.swift */; };
		61E9965C2BF70C4D006F5E98 /* AlertController.swift in Sources */ = {isa = PBXBuildFile; fileRef = 61E9965B2BF70C4D006F5E98 /* AlertController.swift */; };
		61EEE6902BF5E66E00803AA1 /* HangManGameViewController.swift in Sources */ = {isa = PBXBuildFile; fileRef = 61EEE68F2BF5E66E00803AA1 /* HangManGameViewController.swift */; };
		61EEE6922BF5E69C00803AA1 /* HangManHeaderView.swift in Sources */ = {isa = PBXBuildFile; fileRef = 61EEE6912BF5E69C00803AA1 /* HangManHeaderView.swift */; };
		61EEE6942BF5E70300803AA1 /* HangManBodyView.swift in Sources */ = {isa = PBXBuildFile; fileRef = 61EEE6932BF5E70300803AA1 /* HangManBodyView.swift */; };
		61EEE6962BF5E74700803AA1 /* HangManBottomView.swift in Sources */ = {isa = PBXBuildFile; fileRef = 61EEE6952BF5E74700803AA1 /* HangManBottomView.swift */; };
		61EEE6982BF5EDD900803AA1 /* ButtonFactory.swift in Sources */ = {isa = PBXBuildFile; fileRef = 61EEE6972BF5EDD900803AA1 /* ButtonFactory.swift */; };
		61F75F5D2BF4ED2500FCC731 /* UIColor+Extension.swift in Sources */ = {isa = PBXBuildFile; fileRef = 61F75F5C2BF4ED2500FCC731 /* UIColor+Extension.swift */; };
		FB653F742BF225110041450F /* BookCaseHeaderView.swift in Sources */ = {isa = PBXBuildFile; fileRef = FB653F732BF225110041450F /* BookCaseHeaderView.swift */; };
		FB653F762BF225190041450F /* BookCaseBodyView.swift in Sources */ = {isa = PBXBuildFile; fileRef = FB653F752BF225190041450F /* BookCaseBodyView.swift */; };
		FB653F792BF26A530041450F /* BookCaseBodyCell.swift in Sources */ = {isa = PBXBuildFile; fileRef = FB653F782BF26A530041450F /* BookCaseBodyCell.swift */; };
		FB90037E2BF337530018692D /* AddBookCaseHeaderView.swift in Sources */ = {isa = PBXBuildFile; fileRef = FB90037D2BF337530018692D /* AddBookCaseHeaderView.swift */; };
		FB9003802BF3487D0018692D /* AddBookCaseViewController.swift in Sources */ = {isa = PBXBuildFile; fileRef = FB90037F2BF3487D0018692D /* AddBookCaseViewController.swift */; };
		FBDCC3F62BF3C478006F067D /* AddBookCaseBodyView.swift in Sources */ = {isa = PBXBuildFile; fileRef = FBDCC3F52BF3C478006F067D /* AddBookCaseBodyView.swift */; };
		FBECC3662BF5ACE60088322F /* CoreDataManager.swift in Sources */ = {isa = PBXBuildFile; fileRef = FBECC3652BF5ACE60088322F /* CoreDataManager.swift */; };
/* End PBXBuildFile section */

/* Begin PBXFileReference section */
		4D1791A32BF1D5BE00E645C9 /* Vocabulary.app */ = {isa = PBXFileReference; explicitFileType = wrapper.application; includeInIndex = 0; path = Vocabulary.app; sourceTree = BUILT_PRODUCTS_DIR; };
		4D1791A62BF1D5BE00E645C9 /* AppDelegate.swift */ = {isa = PBXFileReference; lastKnownFileType = sourcecode.swift; path = AppDelegate.swift; sourceTree = "<group>"; };
		4D1791A82BF1D5BE00E645C9 /* SceneDelegate.swift */ = {isa = PBXFileReference; lastKnownFileType = sourcecode.swift; path = SceneDelegate.swift; sourceTree = "<group>"; };
		4D1791AA2BF1D5BE00E645C9 /* AddVocaViewController.swift */ = {isa = PBXFileReference; lastKnownFileType = sourcecode.swift; path = AddVocaViewController.swift; sourceTree = "<group>"; };
		4D1791B02BF1D5BE00E645C9 /* Vocabulary.xcdatamodel */ = {isa = PBXFileReference; lastKnownFileType = wrapper.xcdatamodel; path = Vocabulary.xcdatamodel; sourceTree = "<group>"; };
		4D1791B22BF1D5BF00E645C9 /* Assets.xcassets */ = {isa = PBXFileReference; lastKnownFileType = folder.assetcatalog; path = Assets.xcassets; sourceTree = "<group>"; };
		4D1791B52BF1D5BF00E645C9 /* Base */ = {isa = PBXFileReference; lastKnownFileType = file.storyboard; name = Base; path = Base.lproj/LaunchScreen.storyboard; sourceTree = "<group>"; };
		4D1791B72BF1D5BF00E645C9 /* Info.plist */ = {isa = PBXFileReference; lastKnownFileType = text.plist.xml; path = Info.plist; sourceTree = "<group>"; };
		4D1791C02BF1E1F700E645C9 /* BookCaseViewController.swift */ = {isa = PBXFileReference; lastKnownFileType = sourcecode.swift; path = BookCaseViewController.swift; sourceTree = "<group>"; };
		4D1791C22BF1E20F00E645C9 /* VocaQuizViewController.swift */ = {isa = PBXFileReference; lastKnownFileType = sourcecode.swift; path = VocaQuizViewController.swift; sourceTree = "<group>"; };
		4D1791C42BF1E27300E645C9 /* CalenderViewController.swift */ = {isa = PBXFileReference; lastKnownFileType = sourcecode.swift; path = CalenderViewController.swift; sourceTree = "<group>"; };
		4D1791C62BF1E27F00E645C9 /* MyPageViewController.swift */ = {isa = PBXFileReference; lastKnownFileType = sourcecode.swift; path = MyPageViewController.swift; sourceTree = "<group>"; };
		4D1791D02BF23F0300E645C9 /* CalenderCollectionViewCell.swift */ = {isa = PBXFileReference; lastKnownFileType = sourcecode.swift; path = CalenderCollectionViewCell.swift; sourceTree = "<group>"; };
		4D1791D62BF35E0B00E645C9 /* DetailModelViewController.swift */ = {isa = PBXFileReference; lastKnownFileType = sourcecode.swift; path = DetailModelViewController.swift; sourceTree = "<group>"; };
		4D1791D82BF35FFE00E645C9 /* PresentationController.swift */ = {isa = PBXFileReference; lastKnownFileType = sourcecode.swift; path = PresentationController.swift; sourceTree = "<group>"; };
		4D1791DC2BF45AD500E645C9 /* FilterTableViewCell.swift */ = {isa = PBXFileReference; lastKnownFileType = sourcecode.swift; path = FilterTableViewCell.swift; sourceTree = "<group>"; };
		611186EE2BF4DCB6009C2FE9 /* FlashCardViewController.swift */ = {isa = PBXFileReference; lastKnownFileType = sourcecode.swift; path = FlashCardViewController.swift; sourceTree = "<group>"; };
		611186F12BF4DD5E009C2FE9 /* FlashHeaderView.swift */ = {isa = PBXFileReference; lastKnownFileType = sourcecode.swift; path = FlashHeaderView.swift; sourceTree = "<group>"; };
		611186F32BF4DE09009C2FE9 /* FlashBodyView.swift */ = {isa = PBXFileReference; lastKnownFileType = sourcecode.swift; path = FlashBodyView.swift; sourceTree = "<group>"; };
		612ABC882BF1EA480056F127 /* DummyModel.swift */ = {isa = PBXFileReference; lastKnownFileType = sourcecode.swift; path = DummyModel.swift; sourceTree = "<group>"; };
		612ABC8E2BF200370056F127 /* QuizHeaderView.swift */ = {isa = PBXFileReference; lastKnownFileType = sourcecode.swift; path = QuizHeaderView.swift; sourceTree = "<group>"; };
		612ABC902BF2003E0056F127 /* QuizBodyView.swift */ = {isa = PBXFileReference; lastKnownFileType = sourcecode.swift; path = QuizBodyView.swift; sourceTree = "<group>"; };
		618E70562BF2039E007AEDFE /* LabelFactory.swift */ = {isa = PBXFileReference; lastKnownFileType = sourcecode.swift; path = LabelFactory.swift; sourceTree = "<group>"; };
		618E705F2BF21970007AEDFE /* Constants.swift */ = {isa = PBXFileReference; lastKnownFileType = sourcecode.swift; path = Constants.swift; sourceTree = "<group>"; };
		618E70652BF229D1007AEDFE /* VocaQuizMainCollectionViewCell.swift */ = {isa = PBXFileReference; lastKnownFileType = sourcecode.swift; path = VocaQuizMainCollectionViewCell.swift; sourceTree = "<group>"; };
		618E70672BF22A66007AEDFE /* CollectionView+Extension.swift */ = {isa = PBXFileReference; lastKnownFileType = sourcecode.swift; path = "CollectionView+Extension.swift"; sourceTree = "<group>"; };
		618E70692BF24F2F007AEDFE /* GamePageViewController.swift */ = {isa = PBXFileReference; lastKnownFileType = sourcecode.swift; path = GamePageViewController.swift; sourceTree = "<group>"; };
		618E706C2BF25328007AEDFE /* GamePageHeaderView.swift */ = {isa = PBXFileReference; lastKnownFileType = sourcecode.swift; path = GamePageHeaderView.swift; sourceTree = "<group>"; };
		618E706E2BF25337007AEDFE /* GamePageBodyView.swift */ = {isa = PBXFileReference; lastKnownFileType = sourcecode.swift; path = GamePageBodyView.swift; sourceTree = "<group>"; };
		618E70702BF25354007AEDFE /* GamePageBottomView.swift */ = {isa = PBXFileReference; lastKnownFileType = sourcecode.swift; path = GamePageBottomView.swift; sourceTree = "<group>"; };
		61BCB0532BF2F4B600CF73E4 /* DummyGenerator.swift */ = {isa = PBXFileReference; lastKnownFileType = sourcecode.swift; path = DummyGenerator.swift; sourceTree = "<group>"; };
		61BCB0552BF337B100CF73E4 /* VocaQuizModel.swift */ = {isa = PBXFileReference; lastKnownFileType = sourcecode.swift; path = VocaQuizModel.swift; sourceTree = "<group>"; };
		61BCB0582BF3597C00CF73E4 /* UIResponder+Extension.swift */ = {isa = PBXFileReference; lastKnownFileType = sourcecode.swift; path = "UIResponder+Extension.swift"; sourceTree = "<group>"; };
		61E9965B2BF70C4D006F5E98 /* AlertController.swift */ = {isa = PBXFileReference; fileEncoding = 4; lastKnownFileType = sourcecode.swift; path = AlertController.swift; sourceTree = "<group>"; };
		61EEE68F2BF5E66E00803AA1 /* HangManGameViewController.swift */ = {isa = PBXFileReference; lastKnownFileType = sourcecode.swift; path = HangManGameViewController.swift; sourceTree = "<group>"; };
		61EEE6912BF5E69C00803AA1 /* HangManHeaderView.swift */ = {isa = PBXFileReference; lastKnownFileType = sourcecode.swift; path = HangManHeaderView.swift; sourceTree = "<group>"; };
		61EEE6932BF5E70300803AA1 /* HangManBodyView.swift */ = {isa = PBXFileReference; lastKnownFileType = sourcecode.swift; path = HangManBodyView.swift; sourceTree = "<group>"; };
		61EEE6952BF5E74700803AA1 /* HangManBottomView.swift */ = {isa = PBXFileReference; lastKnownFileType = sourcecode.swift; path = HangManBottomView.swift; sourceTree = "<group>"; };
		61EEE6972BF5EDD900803AA1 /* ButtonFactory.swift */ = {isa = PBXFileReference; lastKnownFileType = sourcecode.swift; path = ButtonFactory.swift; sourceTree = "<group>"; };
		61F75F5C2BF4ED2500FCC731 /* UIColor+Extension.swift */ = {isa = PBXFileReference; lastKnownFileType = sourcecode.swift; path = "UIColor+Extension.swift"; sourceTree = "<group>"; };
		FB653F732BF225110041450F /* BookCaseHeaderView.swift */ = {isa = PBXFileReference; lastKnownFileType = sourcecode.swift; path = BookCaseHeaderView.swift; sourceTree = "<group>"; };
		FB653F752BF225190041450F /* BookCaseBodyView.swift */ = {isa = PBXFileReference; lastKnownFileType = sourcecode.swift; path = BookCaseBodyView.swift; sourceTree = "<group>"; };
		FB653F782BF26A530041450F /* BookCaseBodyCell.swift */ = {isa = PBXFileReference; lastKnownFileType = sourcecode.swift; path = BookCaseBodyCell.swift; sourceTree = "<group>"; };
		FB90037D2BF337530018692D /* AddBookCaseHeaderView.swift */ = {isa = PBXFileReference; lastKnownFileType = sourcecode.swift; path = AddBookCaseHeaderView.swift; sourceTree = "<group>"; };
		FB90037F2BF3487D0018692D /* AddBookCaseViewController.swift */ = {isa = PBXFileReference; lastKnownFileType = sourcecode.swift; path = AddBookCaseViewController.swift; sourceTree = "<group>"; };
		FBDCC3F52BF3C478006F067D /* AddBookCaseBodyView.swift */ = {isa = PBXFileReference; lastKnownFileType = sourcecode.swift; path = AddBookCaseBodyView.swift; sourceTree = "<group>"; };
		FBECC3652BF5ACE60088322F /* CoreDataManager.swift */ = {isa = PBXFileReference; lastKnownFileType = sourcecode.swift; path = CoreDataManager.swift; sourceTree = "<group>"; };
		FBECC3682BF5C1EB0088322F /* AlertController.swift */ = {isa = PBXFileReference; lastKnownFileType = sourcecode.swift; path = AlertController.swift; sourceTree = "<group>"; };
/* End PBXFileReference section */

/* Begin PBXFrameworksBuildPhase section */
		4D1791A02BF1D5BE00E645C9 /* Frameworks */ = {
			isa = PBXFrameworksBuildPhase;
			buildActionMask = 2147483647;
			files = (
				4D1791CF2BF2142100E645C9 /* SnapKit in Frameworks */,
			);
			runOnlyForDeploymentPostprocessing = 0;
		};
/* End PBXFrameworksBuildPhase section */

/* Begin PBXGroup section */
		4D17919A2BF1D5BE00E645C9 = {
			isa = PBXGroup;
			children = (
				4D1791A52BF1D5BE00E645C9 /* Vocabulary */,
				4D1791A42BF1D5BE00E645C9 /* Products */,
				61E9965A2BF70BDA006F5E98 /* Recovered References */,
			);
			sourceTree = "<group>";
		};
		4D1791A42BF1D5BE00E645C9 /* Products */ = {
			isa = PBXGroup;
			children = (
				4D1791A32BF1D5BE00E645C9 /* Vocabulary.app */,
			);
			name = Products;
			sourceTree = "<group>";
		};
		4D1791A52BF1D5BE00E645C9 /* Vocabulary */ = {
			isa = PBXGroup;
			children = (
				61BCB0522BF2F4A900CF73E4 /* Service */,
				618E70612BF21E5A007AEDFE /* Extension */,
				4D1791A62BF1D5BE00E645C9 /* AppDelegate.swift */,
				4D1791A82BF1D5BE00E645C9 /* SceneDelegate.swift */,
				618E70552BF20387007AEDFE /* Factory */,
				612ABC852BF1E9B70056F127 /* Model */,
				4D1791BE2BF1E15700E645C9 /* View */,
				4D1791BF2BF1E15C00E645C9 /* Controller */,
				4D1791B22BF1D5BF00E645C9 /* Assets.xcassets */,
				4D1791B42BF1D5BF00E645C9 /* LaunchScreen.storyboard */,
				4D1791B72BF1D5BF00E645C9 /* Info.plist */,
				4D1791AF2BF1D5BE00E645C9 /* Vocabulary.xcdatamodeld */,
				618E705F2BF21970007AEDFE /* Constants.swift */,
			);
			path = Vocabulary;
			sourceTree = "<group>";
		};
		4D1791BE2BF1E15700E645C9 /* View */ = {
			isa = PBXGroup;
			children = (
				FB90037C2BF3346F0018692D /* AddBookCase */,
				FB653F722BF224FB0041450F /* BookCase */,
				611186F02BF4DD4F009C2FE9 /* FlashCard */,
				618E706B2BF25316007AEDFE /* GamePage */,
				612ABC8A2BF1FCF80056F127 /* VocaQuiz */,
				4D1791D22BF2F70700E645C9 /* Calender */,
			);
			path = View;
			sourceTree = "<group>";
		};
		4D1791BF2BF1E15C00E645C9 /* Controller */ = {
			isa = PBXGroup;
			children = (
				FB90037F2BF3487D0018692D /* AddBookCaseViewController.swift */,
				611186ED2BF4DBD3009C2FE9 /* FlashCard */,
				610130D62BF3D9E400CE8183 /* VocaQuiz */,
				4D1791C02BF1E1F700E645C9 /* BookCaseViewController.swift */,
				4D1791AA2BF1D5BE00E645C9 /* AddVocaViewController.swift */,
				4D1791D52BF3422900E645C9 /* Calender */,
				4D1791C62BF1E27F00E645C9 /* MyPageViewController.swift */,
			);
			path = Controller;
			sourceTree = "<group>";
		};
		4D1791D22BF2F70700E645C9 /* Calender */ = {
			isa = PBXGroup;
			children = (
				4D1791D02BF23F0300E645C9 /* CalenderCollectionViewCell.swift */,
				4D1791DC2BF45AD500E645C9 /* FilterTableViewCell.swift */,
			);
			path = Calender;
			sourceTree = "<group>";
		};
		4D1791D52BF3422900E645C9 /* Calender */ = {
			isa = PBXGroup;
			children = (
				4D1791C42BF1E27300E645C9 /* CalenderViewController.swift */,
				4D1791D62BF35E0B00E645C9 /* DetailModelViewController.swift */,
				4D1791D82BF35FFE00E645C9 /* PresentationController.swift */,
			);
			path = Calender;
			sourceTree = "<group>";
		};
		610130D62BF3D9E400CE8183 /* VocaQuiz */ = {
			isa = PBXGroup;
			children = (
				4D1791C22BF1E20F00E645C9 /* VocaQuizViewController.swift */,
				618E70692BF24F2F007AEDFE /* GamePageViewController.swift */,
				61EEE68F2BF5E66E00803AA1 /* HangManGameViewController.swift */,
			);
			path = VocaQuiz;
			sourceTree = "<group>";
		};
		611186ED2BF4DBD3009C2FE9 /* FlashCard */ = {
			isa = PBXGroup;
			children = (
				611186EE2BF4DCB6009C2FE9 /* FlashCardViewController.swift */,
			);
			path = FlashCard;
			sourceTree = "<group>";
		};
		611186F02BF4DD4F009C2FE9 /* FlashCard */ = {
			isa = PBXGroup;
			children = (
				611186F12BF4DD5E009C2FE9 /* FlashHeaderView.swift */,
				611186F32BF4DE09009C2FE9 /* FlashBodyView.swift */,
			);
			path = FlashCard;
			sourceTree = "<group>";
		};
		612ABC852BF1E9B70056F127 /* Model */ = {
			isa = PBXGroup;
			children = (
				FBECC3602BF5AC550088322F /* CoreData */,
				612ABC882BF1EA480056F127 /* DummyModel.swift */,
				61BCB0552BF337B100CF73E4 /* VocaQuizModel.swift */,
			);
			path = Model;
			sourceTree = "<group>";
		};
		612ABC8A2BF1FCF80056F127 /* VocaQuiz */ = {
			isa = PBXGroup;
			children = (
				612ABC8E2BF200370056F127 /* QuizHeaderView.swift */,
				612ABC902BF2003E0056F127 /* QuizBodyView.swift */,
				618E70652BF229D1007AEDFE /* VocaQuizMainCollectionViewCell.swift */,
			);
			path = VocaQuiz;
			sourceTree = "<group>";
		};
		618E70552BF20387007AEDFE /* Factory */ = {
			isa = PBXGroup;
			children = (
				618E70562BF2039E007AEDFE /* LabelFactory.swift */,
				61EEE6972BF5EDD900803AA1 /* ButtonFactory.swift */,
			);
			path = Factory;
			sourceTree = "<group>";
		};
		618E70612BF21E5A007AEDFE /* Extension */ = {
			isa = PBXGroup;
			children = (
				61BCB0572BF3597000CF73E4 /* General */,
				618E70622BF21E61007AEDFE /* VocaQuiz */,
			);
			path = Extension;
			sourceTree = "<group>";
		};
		618E70622BF21E61007AEDFE /* VocaQuiz */ = {
			isa = PBXGroup;
			children = (
				618E70672BF22A66007AEDFE /* CollectionView+Extension.swift */,
			);
			path = VocaQuiz;
			sourceTree = "<group>";
		};
		618E706B2BF25316007AEDFE /* GamePage */ = {
			isa = PBXGroup;
			children = (
				618E706C2BF25328007AEDFE /* GamePageHeaderView.swift */,
				618E706E2BF25337007AEDFE /* GamePageBodyView.swift */,
				618E70702BF25354007AEDFE /* GamePageBottomView.swift */,
				61EEE6912BF5E69C00803AA1 /* HangManHeaderView.swift */,
				61EEE6932BF5E70300803AA1 /* HangManBodyView.swift */,
				61EEE6952BF5E74700803AA1 /* HangManBottomView.swift */,
			);
			path = GamePage;
			sourceTree = "<group>";
		};
		61BCB0522BF2F4A900CF73E4 /* Service */ = {
			isa = PBXGroup;
			children = (
				61E9965B2BF70C4D006F5E98 /* AlertController.swift */,
				61BCB0532BF2F4B600CF73E4 /* DummyGenerator.swift */,
			);
			path = Service;
			sourceTree = "<group>";
		};
		61BCB0572BF3597000CF73E4 /* General */ = {
			isa = PBXGroup;
			children = (
				61BCB0582BF3597C00CF73E4 /* UIResponder+Extension.swift */,
				61F75F5C2BF4ED2500FCC731 /* UIColor+Extension.swift */,
			);
			path = General;
			sourceTree = "<group>";
		};
		61E9965A2BF70BDA006F5E98 /* Recovered References */ = {
			isa = PBXGroup;
			children = (
				FBECC3682BF5C1EB0088322F /* AlertController.swift */,
			);
			name = "Recovered References";
			sourceTree = "<group>";
		};
		FB653F722BF224FB0041450F /* BookCase */ = {
			isa = PBXGroup;
			children = (
				FB653F732BF225110041450F /* BookCaseHeaderView.swift */,
				FB653F752BF225190041450F /* BookCaseBodyView.swift */,
				FB653F782BF26A530041450F /* BookCaseBodyCell.swift */,
			);
			path = BookCase;
			sourceTree = "<group>";
		};
		FB90037C2BF3346F0018692D /* AddBookCase */ = {
			isa = PBXGroup;
			children = (
				FB90037D2BF337530018692D /* AddBookCaseHeaderView.swift */,
				FBDCC3F52BF3C478006F067D /* AddBookCaseBodyView.swift */,
			);
			path = AddBookCase;
			sourceTree = "<group>";
		};
		FBECC3602BF5AC550088322F /* CoreData */ = {
			isa = PBXGroup;
			children = (
				FBECC3652BF5ACE60088322F /* CoreDataManager.swift */,
			);
			path = CoreData;
			sourceTree = "<group>";
		};
/* End PBXGroup section */

/* Begin PBXNativeTarget section */
		4D1791A22BF1D5BE00E645C9 /* Vocabulary */ = {
			isa = PBXNativeTarget;
			buildConfigurationList = 4D1791BA2BF1D5BF00E645C9 /* Build configuration list for PBXNativeTarget "Vocabulary" */;
			buildPhases = (
				4D17919F2BF1D5BE00E645C9 /* Sources */,
				4D1791A02BF1D5BE00E645C9 /* Frameworks */,
				4D1791A12BF1D5BE00E645C9 /* Resources */,
			);
			buildRules = (
			);
			dependencies = (
			);
			name = Vocabulary;
			packageProductDependencies = (
				4D1791CE2BF2142100E645C9 /* SnapKit */,
			);
			productName = Vocabulary;
			productReference = 4D1791A32BF1D5BE00E645C9 /* Vocabulary.app */;
			productType = "com.apple.product-type.application";
		};
/* End PBXNativeTarget section */

/* Begin PBXProject section */
		4D17919B2BF1D5BE00E645C9 /* Project object */ = {
			isa = PBXProject;
			attributes = {
				BuildIndependentTargetsInParallel = 1;
				LastSwiftUpdateCheck = 1530;
				LastUpgradeCheck = 1530;
				TargetAttributes = {
					4D1791A22BF1D5BE00E645C9 = {
						CreatedOnToolsVersion = 15.3;
					};
				};
			};
			buildConfigurationList = 4D17919E2BF1D5BE00E645C9 /* Build configuration list for PBXProject "Vocabulary" */;
			compatibilityVersion = "Xcode 14.0";
			developmentRegion = en;
			hasScannedForEncodings = 0;
			knownRegions = (
				en,
				Base,
			);
			mainGroup = 4D17919A2BF1D5BE00E645C9;
			packageReferences = (
				4D1791CD2BF2142100E645C9 /* XCRemoteSwiftPackageReference "SnapKit" */,
			);
			productRefGroup = 4D1791A42BF1D5BE00E645C9 /* Products */;
			projectDirPath = "";
			projectRoot = "";
			targets = (
				4D1791A22BF1D5BE00E645C9 /* Vocabulary */,
			);
		};
/* End PBXProject section */

/* Begin PBXResourcesBuildPhase section */
		4D1791A12BF1D5BE00E645C9 /* Resources */ = {
			isa = PBXResourcesBuildPhase;
			buildActionMask = 2147483647;
			files = (
				4D1791B32BF1D5BF00E645C9 /* Assets.xcassets in Resources */,
				4D1791B62BF1D5BF00E645C9 /* Base in Resources */,
			);
			runOnlyForDeploymentPostprocessing = 0;
		};
/* End PBXResourcesBuildPhase section */

/* Begin PBXSourcesBuildPhase section */
		4D17919F2BF1D5BE00E645C9 /* Sources */ = {
			isa = PBXSourcesBuildPhase;
			buildActionMask = 2147483647;
			files = (
				4D1791AB2BF1D5BE00E645C9 /* AddVocaViewController.swift in Sources */,
				4D1791A72BF1D5BE00E645C9 /* AppDelegate.swift in Sources */,
				FB653F762BF225190041450F /* BookCaseBodyView.swift in Sources */,
				612ABC912BF2003E0056F127 /* QuizBodyView.swift in Sources */,
				618E706D2BF25328007AEDFE /* GamePageHeaderView.swift in Sources */,
				61EEE6942BF5E70300803AA1 /* HangManBodyView.swift in Sources */,
				611186EF2BF4DCB6009C2FE9 /* FlashCardViewController.swift in Sources */,
				612ABC912BF2003E0056F127 /* QuizBodyView.swift in Sources */,
				61EEE6922BF5E69C00803AA1 /* HangManHeaderView.swift in Sources */,
				61BCB0542BF2F4B600CF73E4 /* DummyGenerator.swift in Sources */,
				612ABC892BF1EA480056F127 /* DummyModel.swift in Sources */,
				618E70602BF21970007AEDFE /* Constants.swift in Sources */,
				4D1791C32BF1E20F00E645C9 /* VocaQuizViewController.swift in Sources */,
				FB90037E2BF337530018692D /* AddBookCaseHeaderView.swift in Sources */,
				FB653F792BF26A530041450F /* BookCaseBodyCell.swift in Sources */,
				4D1791A92BF1D5BE00E645C9 /* SceneDelegate.swift in Sources */,
				FBECC3662BF5ACE60088322F /* CoreDataManager.swift in Sources */,
				4D1791C52BF1E27300E645C9 /* CalenderViewController.swift in Sources */,
				FBDCC3F62BF3C478006F067D /* AddBookCaseBodyView.swift in Sources */,
				612ABC8F2BF200370056F127 /* QuizHeaderView.swift in Sources */,
				4D1791C12BF1E1F700E645C9 /* BookCaseViewController.swift in Sources */,
				61F75F5D2BF4ED2500FCC731 /* UIColor+Extension.swift in Sources */,
				4D1791A92BF1D5BE00E645C9 /* SceneDelegate.swift in Sources */,
				611186F22BF4DD5E009C2FE9 /* FlashHeaderView.swift in Sources */,
				61EEE6902BF5E66E00803AA1 /* HangManGameViewController.swift in Sources */,
				4D1791D12BF23F0300E645C9 /* CalenderCollectionViewCell.swift in Sources */,
				618E70662BF229D1007AEDFE /* VocaQuizMainCollectionViewCell.swift in Sources */,
				61EEE6982BF5EDD900803AA1 /* ButtonFactory.swift in Sources */,
				61BCB0592BF3597C00CF73E4 /* UIResponder+Extension.swift in Sources */,
				4D1791D92BF35FFE00E645C9 /* PresentationController.swift in Sources */,
				618E706F2BF25337007AEDFE /* GamePageBodyView.swift in Sources */,
				61E9965C2BF70C4D006F5E98 /* AlertController.swift in Sources */,
				618E70682BF22A66007AEDFE /* CollectionView+Extension.swift in Sources */,
				4D1791D72BF35E0B00E645C9 /* DetailModelViewController.swift in Sources */,
				4D1791C52BF1E27300E645C9 /* CalenderViewController.swift in Sources */,
				618E70712BF25354007AEDFE /* GamePageBottomView.swift in Sources */,
				612ABC8F2BF200370056F127 /* QuizHeaderView.swift in Sources */,
				4D1791DD2BF45AD500E645C9 /* FilterTableViewCell.swift in Sources */,
				61BCB0562BF337B100CF73E4 /* VocaQuizModel.swift in Sources */,
				61EEE6962BF5E74700803AA1 /* HangManBottomView.swift in Sources */,
				4D1791C12BF1E1F700E645C9 /* BookCaseViewController.swift in Sources */,
				4D1791B12BF1D5BE00E645C9 /* Vocabulary.xcdatamodeld in Sources */,
				611186F42BF4DE09009C2FE9 /* FlashBodyView.swift in Sources */,
				618E706A2BF24F2F007AEDFE /* GamePageViewController.swift in Sources */,
				618E70572BF2039E007AEDFE /* LabelFactory.swift in Sources */,
				4D1791C72BF1E27F00E645C9 /* MyPageViewController.swift in Sources */,
				FB9003802BF3487D0018692D /* AddBookCaseViewController.swift in Sources */,
				FB653F742BF225110041450F /* BookCaseHeaderView.swift in Sources */,
			);
			runOnlyForDeploymentPostprocessing = 0;
		};
/* End PBXSourcesBuildPhase section */

/* Begin PBXVariantGroup section */
		4D1791B42BF1D5BF00E645C9 /* LaunchScreen.storyboard */ = {
			isa = PBXVariantGroup;
			children = (
				4D1791B52BF1D5BF00E645C9 /* Base */,
			);
			name = LaunchScreen.storyboard;
			sourceTree = "<group>";
		};
/* End PBXVariantGroup section */

/* Begin XCBuildConfiguration section */
		4D1791B82BF1D5BF00E645C9 /* Debug */ = {
			isa = XCBuildConfiguration;
			buildSettings = {
				ALWAYS_SEARCH_USER_PATHS = NO;
				ASSETCATALOG_COMPILER_GENERATE_SWIFT_ASSET_SYMBOL_EXTENSIONS = YES;
				CLANG_ANALYZER_NONNULL = YES;
				CLANG_ANALYZER_NUMBER_OBJECT_CONVERSION = YES_AGGRESSIVE;
				CLANG_CXX_LANGUAGE_STANDARD = "gnu++20";
				CLANG_ENABLE_MODULES = YES;
				CLANG_ENABLE_OBJC_ARC = YES;
				CLANG_ENABLE_OBJC_WEAK = YES;
				CLANG_WARN_BLOCK_CAPTURE_AUTORELEASING = YES;
				CLANG_WARN_BOOL_CONVERSION = YES;
				CLANG_WARN_COMMA = YES;
				CLANG_WARN_CONSTANT_CONVERSION = YES;
				CLANG_WARN_DEPRECATED_OBJC_IMPLEMENTATIONS = YES;
				CLANG_WARN_DIRECT_OBJC_ISA_USAGE = YES_ERROR;
				CLANG_WARN_DOCUMENTATION_COMMENTS = YES;
				CLANG_WARN_EMPTY_BODY = YES;
				CLANG_WARN_ENUM_CONVERSION = YES;
				CLANG_WARN_INFINITE_RECURSION = YES;
				CLANG_WARN_INT_CONVERSION = YES;
				CLANG_WARN_NON_LITERAL_NULL_CONVERSION = YES;
				CLANG_WARN_OBJC_IMPLICIT_RETAIN_SELF = YES;
				CLANG_WARN_OBJC_LITERAL_CONVERSION = YES;
				CLANG_WARN_OBJC_ROOT_CLASS = YES_ERROR;
				CLANG_WARN_QUOTED_INCLUDE_IN_FRAMEWORK_HEADER = YES;
				CLANG_WARN_RANGE_LOOP_ANALYSIS = YES;
				CLANG_WARN_STRICT_PROTOTYPES = YES;
				CLANG_WARN_SUSPICIOUS_MOVE = YES;
				CLANG_WARN_UNGUARDED_AVAILABILITY = YES_AGGRESSIVE;
				CLANG_WARN_UNREACHABLE_CODE = YES;
				CLANG_WARN__DUPLICATE_METHOD_MATCH = YES;
				COPY_PHASE_STRIP = NO;
				DEBUG_INFORMATION_FORMAT = dwarf;
				ENABLE_STRICT_OBJC_MSGSEND = YES;
				ENABLE_TESTABILITY = YES;
				ENABLE_USER_SCRIPT_SANDBOXING = YES;
				GCC_C_LANGUAGE_STANDARD = gnu17;
				GCC_DYNAMIC_NO_PIC = NO;
				GCC_NO_COMMON_BLOCKS = YES;
				GCC_OPTIMIZATION_LEVEL = 0;
				GCC_PREPROCESSOR_DEFINITIONS = (
					"DEBUG=1",
					"$(inherited)",
				);
				GCC_WARN_64_TO_32_BIT_CONVERSION = YES;
				GCC_WARN_ABOUT_RETURN_TYPE = YES_ERROR;
				GCC_WARN_UNDECLARED_SELECTOR = YES;
				GCC_WARN_UNINITIALIZED_AUTOS = YES_AGGRESSIVE;
				GCC_WARN_UNUSED_FUNCTION = YES;
				GCC_WARN_UNUSED_VARIABLE = YES;
				IPHONEOS_DEPLOYMENT_TARGET = 16.0;
				LOCALIZATION_PREFERS_STRING_CATALOGS = YES;
				MTL_ENABLE_DEBUG_INFO = INCLUDE_SOURCE;
				MTL_FAST_MATH = YES;
				ONLY_ACTIVE_ARCH = YES;
				SDKROOT = iphoneos;
				SWIFT_ACTIVE_COMPILATION_CONDITIONS = "DEBUG $(inherited)";
				SWIFT_OPTIMIZATION_LEVEL = "-Onone";
			};
			name = Debug;
		};
		4D1791B92BF1D5BF00E645C9 /* Release */ = {
			isa = XCBuildConfiguration;
			buildSettings = {
				ALWAYS_SEARCH_USER_PATHS = NO;
				ASSETCATALOG_COMPILER_GENERATE_SWIFT_ASSET_SYMBOL_EXTENSIONS = YES;
				CLANG_ANALYZER_NONNULL = YES;
				CLANG_ANALYZER_NUMBER_OBJECT_CONVERSION = YES_AGGRESSIVE;
				CLANG_CXX_LANGUAGE_STANDARD = "gnu++20";
				CLANG_ENABLE_MODULES = YES;
				CLANG_ENABLE_OBJC_ARC = YES;
				CLANG_ENABLE_OBJC_WEAK = YES;
				CLANG_WARN_BLOCK_CAPTURE_AUTORELEASING = YES;
				CLANG_WARN_BOOL_CONVERSION = YES;
				CLANG_WARN_COMMA = YES;
				CLANG_WARN_CONSTANT_CONVERSION = YES;
				CLANG_WARN_DEPRECATED_OBJC_IMPLEMENTATIONS = YES;
				CLANG_WARN_DIRECT_OBJC_ISA_USAGE = YES_ERROR;
				CLANG_WARN_DOCUMENTATION_COMMENTS = YES;
				CLANG_WARN_EMPTY_BODY = YES;
				CLANG_WARN_ENUM_CONVERSION = YES;
				CLANG_WARN_INFINITE_RECURSION = YES;
				CLANG_WARN_INT_CONVERSION = YES;
				CLANG_WARN_NON_LITERAL_NULL_CONVERSION = YES;
				CLANG_WARN_OBJC_IMPLICIT_RETAIN_SELF = YES;
				CLANG_WARN_OBJC_LITERAL_CONVERSION = YES;
				CLANG_WARN_OBJC_ROOT_CLASS = YES_ERROR;
				CLANG_WARN_QUOTED_INCLUDE_IN_FRAMEWORK_HEADER = YES;
				CLANG_WARN_RANGE_LOOP_ANALYSIS = YES;
				CLANG_WARN_STRICT_PROTOTYPES = YES;
				CLANG_WARN_SUSPICIOUS_MOVE = YES;
				CLANG_WARN_UNGUARDED_AVAILABILITY = YES_AGGRESSIVE;
				CLANG_WARN_UNREACHABLE_CODE = YES;
				CLANG_WARN__DUPLICATE_METHOD_MATCH = YES;
				COPY_PHASE_STRIP = NO;
				DEBUG_INFORMATION_FORMAT = "dwarf-with-dsym";
				ENABLE_NS_ASSERTIONS = NO;
				ENABLE_STRICT_OBJC_MSGSEND = YES;
				ENABLE_USER_SCRIPT_SANDBOXING = YES;
				GCC_C_LANGUAGE_STANDARD = gnu17;
				GCC_NO_COMMON_BLOCKS = YES;
				GCC_WARN_64_TO_32_BIT_CONVERSION = YES;
				GCC_WARN_ABOUT_RETURN_TYPE = YES_ERROR;
				GCC_WARN_UNDECLARED_SELECTOR = YES;
				GCC_WARN_UNINITIALIZED_AUTOS = YES_AGGRESSIVE;
				GCC_WARN_UNUSED_FUNCTION = YES;
				GCC_WARN_UNUSED_VARIABLE = YES;
				IPHONEOS_DEPLOYMENT_TARGET = 16.0;
				LOCALIZATION_PREFERS_STRING_CATALOGS = YES;
				MTL_ENABLE_DEBUG_INFO = NO;
				MTL_FAST_MATH = YES;
				SDKROOT = iphoneos;
				SWIFT_COMPILATION_MODE = wholemodule;
				VALIDATE_PRODUCT = YES;
			};
			name = Release;
		};
		4D1791BB2BF1D5BF00E645C9 /* Debug */ = {
			isa = XCBuildConfiguration;
			buildSettings = {
				ASSETCATALOG_COMPILER_APPICON_NAME = AppIcon;
				ASSETCATALOG_COMPILER_GLOBAL_ACCENT_COLOR_NAME = AccentColor;
				CODE_SIGN_STYLE = Automatic;
				CURRENT_PROJECT_VERSION = 1;
				DEVELOPMENT_TEAM = LA95MXQ3R5;
				GENERATE_INFOPLIST_FILE = YES;
				INFOPLIST_FILE = Vocabulary/Info.plist;
				INFOPLIST_KEY_UIApplicationSupportsIndirectInputEvents = YES;
				INFOPLIST_KEY_UILaunchStoryboardName = LaunchScreen;
				INFOPLIST_KEY_UIMainStoryboardFile = "";
				INFOPLIST_KEY_UISupportedInterfaceOrientations_iPad = "UIInterfaceOrientationPortrait UIInterfaceOrientationPortraitUpsideDown UIInterfaceOrientationLandscapeLeft UIInterfaceOrientationLandscapeRight";
				INFOPLIST_KEY_UISupportedInterfaceOrientations_iPhone = "UIInterfaceOrientationPortrait UIInterfaceOrientationLandscapeLeft UIInterfaceOrientationLandscapeRight";
				IPHONEOS_DEPLOYMENT_TARGET = 16.0;
				LD_RUNPATH_SEARCH_PATHS = (
					"$(inherited)",
					"@executable_path/Frameworks",
				);
				MARKETING_VERSION = 1.0;
				PRODUCT_BUNDLE_IDENTIFIER = com.sj.Vocabulary;
				PRODUCT_NAME = "$(TARGET_NAME)";
				SWIFT_EMIT_LOC_STRINGS = YES;
				SWIFT_VERSION = 5.0;
				TARGETED_DEVICE_FAMILY = "1,2";
			};
			name = Debug;
		};
		4D1791BC2BF1D5BF00E645C9 /* Release */ = {
			isa = XCBuildConfiguration;
			buildSettings = {
				ASSETCATALOG_COMPILER_APPICON_NAME = AppIcon;
				ASSETCATALOG_COMPILER_GLOBAL_ACCENT_COLOR_NAME = AccentColor;
				CODE_SIGN_STYLE = Automatic;
				CURRENT_PROJECT_VERSION = 1;
				DEVELOPMENT_TEAM = LA95MXQ3R5;
				GENERATE_INFOPLIST_FILE = YES;
				INFOPLIST_FILE = Vocabulary/Info.plist;
				INFOPLIST_KEY_UIApplicationSupportsIndirectInputEvents = YES;
				INFOPLIST_KEY_UILaunchStoryboardName = LaunchScreen;
				INFOPLIST_KEY_UIMainStoryboardFile = "";
				INFOPLIST_KEY_UISupportedInterfaceOrientations_iPad = "UIInterfaceOrientationPortrait UIInterfaceOrientationPortraitUpsideDown UIInterfaceOrientationLandscapeLeft UIInterfaceOrientationLandscapeRight";
				INFOPLIST_KEY_UISupportedInterfaceOrientations_iPhone = "UIInterfaceOrientationPortrait UIInterfaceOrientationLandscapeLeft UIInterfaceOrientationLandscapeRight";
				IPHONEOS_DEPLOYMENT_TARGET = 16.0;
				LD_RUNPATH_SEARCH_PATHS = (
					"$(inherited)",
					"@executable_path/Frameworks",
				);
				MARKETING_VERSION = 1.0;
				PRODUCT_BUNDLE_IDENTIFIER = com.sj.Vocabulary;
				PRODUCT_NAME = "$(TARGET_NAME)";
				SWIFT_EMIT_LOC_STRINGS = YES;
				SWIFT_VERSION = 5.0;
				TARGETED_DEVICE_FAMILY = "1,2";
			};
			name = Release;
		};
/* End XCBuildConfiguration section */

/* Begin XCConfigurationList section */
		4D17919E2BF1D5BE00E645C9 /* Build configuration list for PBXProject "Vocabulary" */ = {
			isa = XCConfigurationList;
			buildConfigurations = (
				4D1791B82BF1D5BF00E645C9 /* Debug */,
				4D1791B92BF1D5BF00E645C9 /* Release */,
			);
			defaultConfigurationIsVisible = 0;
			defaultConfigurationName = Release;
		};
		4D1791BA2BF1D5BF00E645C9 /* Build configuration list for PBXNativeTarget "Vocabulary" */ = {
			isa = XCConfigurationList;
			buildConfigurations = (
				4D1791BB2BF1D5BF00E645C9 /* Debug */,
				4D1791BC2BF1D5BF00E645C9 /* Release */,
			);
			defaultConfigurationIsVisible = 0;
			defaultConfigurationName = Release;
		};
/* End XCConfigurationList section */

/* Begin XCRemoteSwiftPackageReference section */
		4D1791CD2BF2142100E645C9 /* XCRemoteSwiftPackageReference "SnapKit" */ = {
			isa = XCRemoteSwiftPackageReference;
			repositoryURL = "https://github.com/SnapKit/SnapKit.git";
			requirement = {
				kind = upToNextMajorVersion;
				minimumVersion = 5.7.1;
			};
		};
/* End XCRemoteSwiftPackageReference section */

/* Begin XCSwiftPackageProductDependency section */
		4D1791CE2BF2142100E645C9 /* SnapKit */ = {
			isa = XCSwiftPackageProductDependency;
			package = 4D1791CD2BF2142100E645C9 /* XCRemoteSwiftPackageReference "SnapKit" */;
			productName = SnapKit;
		};
/* End XCSwiftPackageProductDependency section */

/* Begin XCVersionGroup section */
		4D1791AF2BF1D5BE00E645C9 /* Vocabulary.xcdatamodeld */ = {
			isa = XCVersionGroup;
			children = (
				4D1791B02BF1D5BE00E645C9 /* Vocabulary.xcdatamodel */,
			);
			currentVersion = 4D1791B02BF1D5BE00E645C9 /* Vocabulary.xcdatamodel */;
			path = Vocabulary.xcdatamodeld;
			sourceTree = "<group>";
			versionGroupType = wrapper.xcdatamodel;
		};
/* End XCVersionGroup section */
	};
	rootObject = 4D17919B2BF1D5BE00E645C9 /* Project object */;
}
