// !$*UTF8*$!
{
	archiveVersion = 1;
	classes = {
	};
	objectVersion = 70;
	objects = {

/* Begin PBXBuildFile section */
		4D138D122E819D64003005D7 /* ComposableArchitecture in Frameworks */ = {isa = PBXBuildFile; productRef = 4D138D112E819D64003005D7 /* ComposableArchitecture */; };
		4D1791A72BF1D5BE00E645C9 /* AppDelegate.swift in Sources */ = {isa = PBXBuildFile; fileRef = 4D1791A62BF1D5BE00E645C9 /* AppDelegate.swift */; };
		4D1791A92BF1D5BE00E645C9 /* SceneDelegate.swift in Sources */ = {isa = PBXBuildFile; fileRef = 4D1791A82BF1D5BE00E645C9 /* SceneDelegate.swift */; };
		4D1791B12BF1D5BE00E645C9 /* Vocabulary.xcdatamodeld in Sources */ = {isa = PBXBuildFile; fileRef = 4D1791AF2BF1D5BE00E645C9 /* Vocabulary.xcdatamodeld */; };
		4D1791B32BF1D5BF00E645C9 /* Assets.xcassets in Resources */ = {isa = PBXBuildFile; fileRef = 4D1791B22BF1D5BF00E645C9 /* Assets.xcassets */; };
		4D1791B62BF1D5BF00E645C9 /* Base in Resources */ = {isa = PBXBuildFile; fileRef = 4D1791B52BF1D5BF00E645C9 /* Base */; };
		4DA2ECE72E81826900194848 /* SnapKit in Frameworks */ = {isa = PBXBuildFile; productRef = 4DA2ECE62E81826900194848 /* SnapKit */; };
		4DB675712E9B6015007CE7E4 /* ProfileRecorder in Frameworks */ = {isa = PBXBuildFile; productRef = 4DB675702E9B6015007CE7E4 /* ProfileRecorder */; };
		611177AE2BFC7FF900A635B8 /* UITextField+Extension.swift in Sources */ = {isa = PBXBuildFile; fileRef = 611177AD2BFC7FF900A635B8 /* UITextField+Extension.swift */; };
		611177B12BFC808F00A635B8 /* CombineCocoa in Frameworks */ = {isa = PBXBuildFile; productRef = 611177B02BFC808F00A635B8 /* CombineCocoa */; };
		611177B32BFC8F5300A635B8 /* DiffableSectionModel.swift in Sources */ = {isa = PBXBuildFile; fileRef = 611177B22BFC8F5300A635B8 /* DiffableSectionModel.swift */; };
		611186F22BF4DD5E009C2FE9 /* FlashHeaderView.swift in Sources */ = {isa = PBXBuildFile; fileRef = 611186F12BF4DD5E009C2FE9 /* FlashHeaderView.swift */; };
		611186F42BF4DE09009C2FE9 /* FlashBodyView.swift in Sources */ = {isa = PBXBuildFile; fileRef = 611186F32BF4DE09009C2FE9 /* FlashBodyView.swift */; };
		612ABC8F2BF200370056F127 /* GameMainHeaderView.swift in Sources */ = {isa = PBXBuildFile; fileRef = 612ABC8E2BF200370056F127 /* GameMainHeaderView.swift */; };
		612ABC912BF2003E0056F127 /* GameMainBottomView.swift in Sources */ = {isa = PBXBuildFile; fileRef = 612ABC902BF2003E0056F127 /* GameMainBottomView.swift */; };
		612D10D22BF719030097EDBA /* MyPageData.swift in Sources */ = {isa = PBXBuildFile; fileRef = 612D10D12BF719030097EDBA /* MyPageData.swift */; };
		612D10EE2BF71B630097EDBA /* CoreDataManager.swift in Sources */ = {isa = PBXBuildFile; fileRef = 612D10ED2BF71B630097EDBA /* CoreDataManager.swift */; };
		613F52F72BFCA1E000829DC6 /* GoogleService-Info.plist in Resources */ = {isa = PBXBuildFile; fileRef = 613F52F52BFCA1E000829DC6 /* GoogleService-Info.plist */; };
		613F52F82BFCA1E000829DC6 /* Secret.swift in Sources */ = {isa = PBXBuildFile; fileRef = 613F52F62BFCA1E000829DC6 /* Secret.swift */; };
		613F52FA2BFCB05800829DC6 /* ReminderModel.swift in Sources */ = {isa = PBXBuildFile; fileRef = 613F52F92BFCB05800829DC6 /* ReminderModel.swift */; };
		618C71B22BFE5A5A009AC33B /* BookCase+CoreDataClass.swift in Sources */ = {isa = PBXBuildFile; fileRef = 618C71AE2BFE5A5A009AC33B /* BookCase+CoreDataClass.swift */; };
		618C71B32BFE5A5A009AC33B /* BookCase+CoreDataProperties.swift in Sources */ = {isa = PBXBuildFile; fileRef = 618C71AF2BFE5A5A009AC33B /* BookCase+CoreDataProperties.swift */; };
		618C71B42BFE5A5A009AC33B /* WordEntity+CoreDataClass.swift in Sources */ = {isa = PBXBuildFile; fileRef = 618C71B02BFE5A5A009AC33B /* WordEntity+CoreDataClass.swift */; };
		618C71B52BFE5A5A009AC33B /* WordEntity+CoreDataProperties.swift in Sources */ = {isa = PBXBuildFile; fileRef = 618C71B12BFE5A5A009AC33B /* WordEntity+CoreDataProperties.swift */; };
		618E70572BF2039E007AEDFE /* LabelFactory.swift in Sources */ = {isa = PBXBuildFile; fileRef = 618E70562BF2039E007AEDFE /* LabelFactory.swift */; };
		618E70602BF21970007AEDFE /* Constants.swift in Sources */ = {isa = PBXBuildFile; fileRef = 618E705F2BF21970007AEDFE /* Constants.swift */; };
		618E70662BF229D1007AEDFE /* VocaQuizMainCollectionViewCell.swift in Sources */ = {isa = PBXBuildFile; fileRef = 618E70652BF229D1007AEDFE /* VocaQuizMainCollectionViewCell.swift */; };
		618E70682BF22A66007AEDFE /* CollectionView+Extension.swift in Sources */ = {isa = PBXBuildFile; fileRef = 618E70672BF22A66007AEDFE /* CollectionView+Extension.swift */; };
		618E706D2BF25328007AEDFE /* QuizHeaderView.swift in Sources */ = {isa = PBXBuildFile; fileRef = 618E706C2BF25328007AEDFE /* QuizHeaderView.swift */; };
		618E706F2BF25337007AEDFE /* QuizBodyView.swift in Sources */ = {isa = PBXBuildFile; fileRef = 618E706E2BF25337007AEDFE /* QuizBodyView.swift */; };
		618E70712BF25354007AEDFE /* QuizBottomView.swift in Sources */ = {isa = PBXBuildFile; fileRef = 618E70702BF25354007AEDFE /* QuizBottomView.swift */; };
		61B2FFBD2BFB8AD900CE039B /* SelectHeaderView.swift in Sources */ = {isa = PBXBuildFile; fileRef = 61B2FFBB2BFB8AD900CE039B /* SelectHeaderView.swift */; };
		61B2FFBE2BFB8AD900CE039B /* SelectBodyView.swift in Sources */ = {isa = PBXBuildFile; fileRef = 61B2FFBC2BFB8AD900CE039B /* SelectBodyView.swift */; };
		61B2FFC02BFB8AF500CE039B /* Int+Extension.swift in Sources */ = {isa = PBXBuildFile; fileRef = 61B2FFBF2BFB8AF500CE039B /* Int+Extension.swift */; };
		61B2FFC22BFB8B0A00CE039B /* UIViewControllerTransitioningDelegate.swift in Sources */ = {isa = PBXBuildFile; fileRef = 61B2FFC12BFB8B0A00CE039B /* UIViewControllerTransitioningDelegate.swift */; };
		61B2FFC42BFBA0E300CE039B /* Picker+Extension.swift in Sources */ = {isa = PBXBuildFile; fileRef = 61B2FFC32BFBA0E300CE039B /* Picker+Extension.swift */; };
		61B2FFC62BFBA44C00CE039B /* SelectBottomView.swift in Sources */ = {isa = PBXBuildFile; fileRef = 61B2FFC52BFBA44C00CE039B /* SelectBottomView.swift */; };
		61B2FFC82BFBAD2900CE039B /* GenQuizModel.swift in Sources */ = {isa = PBXBuildFile; fileRef = 61B2FFC72BFBAD2900CE039B /* GenQuizModel.swift */; };
		61B2FFCB2BFBBC7B00CE039B /* ProgressHUD in Frameworks */ = {isa = PBXBuildFile; productRef = 61B2FFCA2BFBBC7B00CE039B /* ProgressHUD */; };
		61B2FFCD2BFBD66F00CE039B /* NotificationCenter.swift in Sources */ = {isa = PBXBuildFile; fileRef = 61B2FFCC2BFBD66F00CE039B /* NotificationCenter.swift */; };
		61BCB0562BF337B100CF73E4 /* VocaQuizModel.swift in Sources */ = {isa = PBXBuildFile; fileRef = 61BCB0552BF337B100CF73E4 /* VocaQuizModel.swift */; };
		61BCB0592BF3597C00CF73E4 /* UIResponder+Extension.swift in Sources */ = {isa = PBXBuildFile; fileRef = 61BCB0582BF3597C00CF73E4 /* UIResponder+Extension.swift */; };
		61CB7FCA2BFB29F400DFA96F /* ThemeColor.swift in Sources */ = {isa = PBXBuildFile; fileRef = 61CB7FC92BFB29F400DFA96F /* ThemeColor.swift */; };
		61D051762BFC42470056294A /* TranslatedModel.swift in Sources */ = {isa = PBXBuildFile; fileRef = 61D051752BFC42470056294A /* TranslatedModel.swift */; };
		61EE0BF72BF9777600FD2F32 /* RecordTableViewCell.swift in Sources */ = {isa = PBXBuildFile; fileRef = 61EE0BF42BF9777600FD2F32 /* RecordTableViewCell.swift */; };
		61EE0BF82BF9777600FD2F32 /* RecordBodyView.swift in Sources */ = {isa = PBXBuildFile; fileRef = 61EE0BF52BF9777600FD2F32 /* RecordBodyView.swift */; };
		61EE0BFD2BF9C0E000FD2F32 /* FirebaseAuth in Frameworks */ = {isa = PBXBuildFile; productRef = 61EE0BFC2BF9C0E000FD2F32 /* FirebaseAuth */; };
		61EEE6922BF5E69C00803AA1 /* HangManHeaderView.swift in Sources */ = {isa = PBXBuildFile; fileRef = 61EEE6912BF5E69C00803AA1 /* HangManHeaderView.swift */; };
		61EEE6942BF5E70300803AA1 /* HangManBodyView.swift in Sources */ = {isa = PBXBuildFile; fileRef = 61EEE6932BF5E70300803AA1 /* HangManBodyView.swift */; };
		61EEE6962BF5E74700803AA1 /* HangManBottomView.swift in Sources */ = {isa = PBXBuildFile; fileRef = 61EEE6952BF5E74700803AA1 /* HangManBottomView.swift */; };
		61EEE6982BF5EDD900803AA1 /* ButtonFactory.swift in Sources */ = {isa = PBXBuildFile; fileRef = 61EEE6972BF5EDD900803AA1 /* ButtonFactory.swift */; };
		61F75F5D2BF4ED2500FCC731 /* UIColor+Extension.swift in Sources */ = {isa = PBXBuildFile; fileRef = 61F75F5C2BF4ED2500FCC731 /* UIColor+Extension.swift */; };
		61F75F5F2BF4F9E800FCC731 /* AlertController.swift in Sources */ = {isa = PBXBuildFile; fileRef = 61F75F5E2BF4F9E800FCC731 /* AlertController.swift */; };
		FB76494F2BFEF66F001D9162 /* UIViewController+Extension.swift in Sources */ = {isa = PBXBuildFile; fileRef = FB76494E2BFEF66F001D9162 /* UIViewController+Extension.swift */; };
/* End PBXBuildFile section */

/* Begin PBXContainerItemProxy section */
		4D11FFE52E8D870900347372 /* PBXContainerItemProxy */ = {
			isa = PBXContainerItemProxy;
			containerPortal = 4D17919B2BF1D5BE00E645C9 /* Project object */;
			proxyType = 1;
			remoteGlobalIDString = 4D1791A22BF1D5BE00E645C9;
			remoteInfo = TURTLEVOCA;
		};
/* End PBXContainerItemProxy section */

/* Begin PBXFileReference section */
		4D11FFE12E8D870900347372 /* TURTLEVOCATests.xctest */ = {isa = PBXFileReference; explicitFileType = wrapper.cfbundle; includeInIndex = 0; path = TURTLEVOCATests.xctest; sourceTree = BUILT_PRODUCTS_DIR; };
		4D1791A32BF1D5BE00E645C9 /* TURTLEVOCA.app */ = {isa = PBXFileReference; explicitFileType = wrapper.application; includeInIndex = 0; path = TURTLEVOCA.app; sourceTree = BUILT_PRODUCTS_DIR; };
		4D1791A62BF1D5BE00E645C9 /* AppDelegate.swift */ = {isa = PBXFileReference; lastKnownFileType = sourcecode.swift; path = AppDelegate.swift; sourceTree = "<group>"; };
		4D1791A82BF1D5BE00E645C9 /* SceneDelegate.swift */ = {isa = PBXFileReference; lastKnownFileType = sourcecode.swift; path = SceneDelegate.swift; sourceTree = "<group>"; };
		4D1791B02BF1D5BE00E645C9 /* Vocabulary.xcdatamodel */ = {isa = PBXFileReference; lastKnownFileType = wrapper.xcdatamodel; path = Vocabulary.xcdatamodel; sourceTree = "<group>"; };
		4D1791B22BF1D5BF00E645C9 /* Assets.xcassets */ = {isa = PBXFileReference; lastKnownFileType = folder.assetcatalog; path = Assets.xcassets; sourceTree = "<group>"; };
		4D1791B52BF1D5BF00E645C9 /* Base */ = {isa = PBXFileReference; lastKnownFileType = file.storyboard; name = Base; path = Base.lproj/LaunchScreen.storyboard; sourceTree = "<group>"; };
		4D1791B72BF1D5BF00E645C9 /* Info.plist */ = {isa = PBXFileReference; lastKnownFileType = text.plist.xml; path = Info.plist; sourceTree = "<group>"; };
		4D31DF932C3E6008009150C8 /* ko */ = {isa = PBXFileReference; lastKnownFileType = text.plist.strings; name = ko; path = ko.lproj/LaunchScreen.strings; sourceTree = "<group>"; };
		611177AD2BFC7FF900A635B8 /* UITextField+Extension.swift */ = {isa = PBXFileReference; lastKnownFileType = sourcecode.swift; path = "UITextField+Extension.swift"; sourceTree = "<group>"; };
		611177B22BFC8F5300A635B8 /* DiffableSectionModel.swift */ = {isa = PBXFileReference; lastKnownFileType = sourcecode.swift; path = DiffableSectionModel.swift; sourceTree = "<group>"; };
		611186F12BF4DD5E009C2FE9 /* FlashHeaderView.swift */ = {isa = PBXFileReference; lastKnownFileType = sourcecode.swift; path = FlashHeaderView.swift; sourceTree = "<group>"; };
		611186F32BF4DE09009C2FE9 /* FlashBodyView.swift */ = {isa = PBXFileReference; lastKnownFileType = sourcecode.swift; path = FlashBodyView.swift; sourceTree = "<group>"; };
		612ABC8E2BF200370056F127 /* GameMainHeaderView.swift */ = {isa = PBXFileReference; lastKnownFileType = sourcecode.swift; path = GameMainHeaderView.swift; sourceTree = "<group>"; };
		612ABC902BF2003E0056F127 /* GameMainBottomView.swift */ = {isa = PBXFileReference; lastKnownFileType = sourcecode.swift; path = GameMainBottomView.swift; sourceTree = "<group>"; };
		612D10D12BF719030097EDBA /* MyPageData.swift */ = {isa = PBXFileReference; fileEncoding = 4; lastKnownFileType = sourcecode.swift; path = MyPageData.swift; sourceTree = "<group>"; };
		612D10ED2BF71B630097EDBA /* CoreDataManager.swift */ = {isa = PBXFileReference; fileEncoding = 4; lastKnownFileType = sourcecode.swift; path = CoreDataManager.swift; sourceTree = "<group>"; };
		613F52F52BFCA1E000829DC6 /* GoogleService-Info.plist */ = {isa = PBXFileReference; fileEncoding = 4; lastKnownFileType = text.plist.xml; path = "GoogleService-Info.plist"; sourceTree = "<group>"; };
		613F52F62BFCA1E000829DC6 /* Secret.swift */ = {isa = PBXFileReference; fileEncoding = 4; lastKnownFileType = sourcecode.swift; path = Secret.swift; sourceTree = "<group>"; };
		613F52F92BFCB05800829DC6 /* ReminderModel.swift */ = {isa = PBXFileReference; lastKnownFileType = sourcecode.swift; path = ReminderModel.swift; sourceTree = "<group>"; };
		618C71AE2BFE5A5A009AC33B /* BookCase+CoreDataClass.swift */ = {isa = PBXFileReference; lastKnownFileType = sourcecode.swift; path = "BookCase+CoreDataClass.swift"; sourceTree = "<group>"; };
		618C71AF2BFE5A5A009AC33B /* BookCase+CoreDataProperties.swift */ = {isa = PBXFileReference; lastKnownFileType = sourcecode.swift; path = "BookCase+CoreDataProperties.swift"; sourceTree = "<group>"; };
		618C71B02BFE5A5A009AC33B /* WordEntity+CoreDataClass.swift */ = {isa = PBXFileReference; lastKnownFileType = sourcecode.swift; path = "WordEntity+CoreDataClass.swift"; sourceTree = "<group>"; };
		618C71B12BFE5A5A009AC33B /* WordEntity+CoreDataProperties.swift */ = {isa = PBXFileReference; lastKnownFileType = sourcecode.swift; path = "WordEntity+CoreDataProperties.swift"; sourceTree = "<group>"; };
		618E70562BF2039E007AEDFE /* LabelFactory.swift */ = {isa = PBXFileReference; lastKnownFileType = sourcecode.swift; path = LabelFactory.swift; sourceTree = "<group>"; };
		618E705F2BF21970007AEDFE /* Constants.swift */ = {isa = PBXFileReference; lastKnownFileType = sourcecode.swift; path = Constants.swift; sourceTree = "<group>"; };
		618E70652BF229D1007AEDFE /* VocaQuizMainCollectionViewCell.swift */ = {isa = PBXFileReference; lastKnownFileType = sourcecode.swift; path = VocaQuizMainCollectionViewCell.swift; sourceTree = "<group>"; };
		618E70672BF22A66007AEDFE /* CollectionView+Extension.swift */ = {isa = PBXFileReference; lastKnownFileType = sourcecode.swift; path = "CollectionView+Extension.swift"; sourceTree = "<group>"; };
		618E706C2BF25328007AEDFE /* QuizHeaderView.swift */ = {isa = PBXFileReference; lastKnownFileType = sourcecode.swift; path = QuizHeaderView.swift; sourceTree = "<group>"; };
		618E706E2BF25337007AEDFE /* QuizBodyView.swift */ = {isa = PBXFileReference; lastKnownFileType = sourcecode.swift; path = QuizBodyView.swift; sourceTree = "<group>"; };
		618E70702BF25354007AEDFE /* QuizBottomView.swift */ = {isa = PBXFileReference; lastKnownFileType = sourcecode.swift; path = QuizBottomView.swift; sourceTree = "<group>"; };
		61B2FFBB2BFB8AD900CE039B /* SelectHeaderView.swift */ = {isa = PBXFileReference; fileEncoding = 4; lastKnownFileType = sourcecode.swift; path = SelectHeaderView.swift; sourceTree = "<group>"; };
		61B2FFBC2BFB8AD900CE039B /* SelectBodyView.swift */ = {isa = PBXFileReference; fileEncoding = 4; lastKnownFileType = sourcecode.swift; path = SelectBodyView.swift; sourceTree = "<group>"; };
		61B2FFBF2BFB8AF500CE039B /* Int+Extension.swift */ = {isa = PBXFileReference; fileEncoding = 4; lastKnownFileType = sourcecode.swift; path = "Int+Extension.swift"; sourceTree = "<group>"; };
		61B2FFC12BFB8B0A00CE039B /* UIViewControllerTransitioningDelegate.swift */ = {isa = PBXFileReference; fileEncoding = 4; lastKnownFileType = sourcecode.swift; path = UIViewControllerTransitioningDelegate.swift; sourceTree = "<group>"; };
		61B2FFC32BFBA0E300CE039B /* Picker+Extension.swift */ = {isa = PBXFileReference; lastKnownFileType = sourcecode.swift; path = "Picker+Extension.swift"; sourceTree = "<group>"; };
		61B2FFC52BFBA44C00CE039B /* SelectBottomView.swift */ = {isa = PBXFileReference; lastKnownFileType = sourcecode.swift; path = SelectBottomView.swift; sourceTree = "<group>"; };
		61B2FFC72BFBAD2900CE039B /* GenQuizModel.swift */ = {isa = PBXFileReference; lastKnownFileType = sourcecode.swift; path = GenQuizModel.swift; sourceTree = "<group>"; };
		61B2FFCC2BFBD66F00CE039B /* NotificationCenter.swift */ = {isa = PBXFileReference; lastKnownFileType = sourcecode.swift; path = NotificationCenter.swift; sourceTree = "<group>"; };
		61BCB0552BF337B100CF73E4 /* VocaQuizModel.swift */ = {isa = PBXFileReference; lastKnownFileType = sourcecode.swift; path = VocaQuizModel.swift; sourceTree = "<group>"; };
		61BCB0582BF3597C00CF73E4 /* UIResponder+Extension.swift */ = {isa = PBXFileReference; lastKnownFileType = sourcecode.swift; path = "UIResponder+Extension.swift"; sourceTree = "<group>"; };
		61CB7FC92BFB29F400DFA96F /* ThemeColor.swift */ = {isa = PBXFileReference; lastKnownFileType = sourcecode.swift; path = ThemeColor.swift; sourceTree = "<group>"; };
		61D051752BFC42470056294A /* TranslatedModel.swift */ = {isa = PBXFileReference; lastKnownFileType = sourcecode.swift; path = TranslatedModel.swift; sourceTree = "<group>"; };
		61EE0BF42BF9777600FD2F32 /* RecordTableViewCell.swift */ = {isa = PBXFileReference; fileEncoding = 4; lastKnownFileType = sourcecode.swift; path = RecordTableViewCell.swift; sourceTree = "<group>"; };
		61EE0BF52BF9777600FD2F32 /* RecordBodyView.swift */ = {isa = PBXFileReference; fileEncoding = 4; lastKnownFileType = sourcecode.swift; path = RecordBodyView.swift; sourceTree = "<group>"; };
		61EEE6912BF5E69C00803AA1 /* HangManHeaderView.swift */ = {isa = PBXFileReference; lastKnownFileType = sourcecode.swift; path = HangManHeaderView.swift; sourceTree = "<group>"; };
		61EEE6932BF5E70300803AA1 /* HangManBodyView.swift */ = {isa = PBXFileReference; lastKnownFileType = sourcecode.swift; path = HangManBodyView.swift; sourceTree = "<group>"; };
		61EEE6952BF5E74700803AA1 /* HangManBottomView.swift */ = {isa = PBXFileReference; lastKnownFileType = sourcecode.swift; path = HangManBottomView.swift; sourceTree = "<group>"; };
		61EEE6972BF5EDD900803AA1 /* ButtonFactory.swift */ = {isa = PBXFileReference; lastKnownFileType = sourcecode.swift; path = ButtonFactory.swift; sourceTree = "<group>"; };
		61F75F5C2BF4ED2500FCC731 /* UIColor+Extension.swift */ = {isa = PBXFileReference; lastKnownFileType = sourcecode.swift; path = "UIColor+Extension.swift"; sourceTree = "<group>"; };
		61F75F5E2BF4F9E800FCC731 /* AlertController.swift */ = {isa = PBXFileReference; lastKnownFileType = sourcecode.swift; path = AlertController.swift; sourceTree = "<group>"; };
		FB76494E2BFEF66F001D9162 /* UIViewController+Extension.swift */ = {isa = PBXFileReference; lastKnownFileType = sourcecode.swift; path = "UIViewController+Extension.swift"; sourceTree = "<group>"; };
/* End PBXFileReference section */

/* Begin PBXFileSystemSynchronizedRootGroup section */
		4D11FF7B2E8D4B9800347372 /* Core */ = {isa = PBXFileSystemSynchronizedRootGroup; explicitFileTypes = {}; explicitFolders = (); path = Core; sourceTree = "<group>"; };
		4D11FFAA2E8D4B9C00347372 /* Feature */ = {isa = PBXFileSystemSynchronizedRootGroup; explicitFileTypes = {}; explicitFolders = (); path = Feature; sourceTree = "<group>"; };
		4D11FFE22E8D870900347372 /* TURTLEVOCATests */ = {isa = PBXFileSystemSynchronizedRootGroup; explicitFileTypes = {}; explicitFolders = (); path = TURTLEVOCATests; sourceTree = "<group>"; };
		4D5B97C32E7BE6AB00BA80F0 /* Error */ = {isa = PBXFileSystemSynchronizedRootGroup; explicitFileTypes = {}; explicitFolders = (); path = Error; sourceTree = "<group>"; };
		4DE2544A2E82CFFD0019B39D /* DataFormatter */ = {isa = PBXFileSystemSynchronizedRootGroup; explicitFileTypes = {}; explicitFolders = (); path = DataFormatter; sourceTree = "<group>"; };
/* End PBXFileSystemSynchronizedRootGroup section */

/* Begin PBXFrameworksBuildPhase section */
		4D11FFDE2E8D870900347372 /* Frameworks */ = {
			isa = PBXFrameworksBuildPhase;
			buildActionMask = 2147483647;
			files = (
			);
			runOnlyForDeploymentPostprocessing = 0;
		};
		4D1791A02BF1D5BE00E645C9 /* Frameworks */ = {
			isa = PBXFrameworksBuildPhase;
			buildActionMask = 2147483647;
			files = (
				4DB675712E9B6015007CE7E4 /* ProfileRecorder in Frameworks */,
				61B2FFCB2BFBBC7B00CE039B /* ProgressHUD in Frameworks */,
				4D138D122E819D64003005D7 /* ComposableArchitecture in Frameworks */,
				4DA2ECE72E81826900194848 /* SnapKit in Frameworks */,
				611177B12BFC808F00A635B8 /* CombineCocoa in Frameworks */,
				61EE0BFD2BF9C0E000FD2F32 /* FirebaseAuth in Frameworks */,
			);
			runOnlyForDeploymentPostprocessing = 0;
		};
/* End PBXFrameworksBuildPhase section */

/* Begin PBXGroup section */
		4D17919A2BF1D5BE00E645C9 = {
			isa = PBXGroup;
			children = (
				4D1791A52BF1D5BE00E645C9 /* Vocabulary */,
				4D11FFE22E8D870900347372 /* TURTLEVOCATests */,
				4D1791A42BF1D5BE00E645C9 /* Products */,
				6BD307252BFCB2B9006009BA /* Recovered References */,
			);
			sourceTree = "<group>";
		};
		4D1791A42BF1D5BE00E645C9 /* Products */ = {
			isa = PBXGroup;
			children = (
				4D1791A32BF1D5BE00E645C9 /* TURTLEVOCA.app */,
				4D11FFE12E8D870900347372 /* TURTLEVOCATests.xctest */,
			);
			name = Products;
			sourceTree = "<group>";
		};
		4D1791A52BF1D5BE00E645C9 /* Vocabulary */ = {
			isa = PBXGroup;
			children = (
				61CB7FC82BFB29E700DFA96F /* Config */,
				61BCB0522BF2F4A900CF73E4 /* Service */,
				618E70612BF21E5A007AEDFE /* Extension */,
				4D5B97C32E7BE6AB00BA80F0 /* Error */,
				4D11FF7B2E8D4B9800347372 /* Core */,
				4D11FFAA2E8D4B9C00347372 /* Feature */,
				618E70552BF20387007AEDFE /* Factory */,
				612ABC852BF1E9B70056F127 /* Entity */,
				4D1791BE2BF1E15700E645C9 /* UIKitView */,
				4D1791A62BF1D5BE00E645C9 /* AppDelegate.swift */,
				4D1791A82BF1D5BE00E645C9 /* SceneDelegate.swift */,
				4D1791B22BF1D5BF00E645C9 /* Assets.xcassets */,
				4D1791B42BF1D5BF00E645C9 /* LaunchScreen.storyboard */,
				4D1791B72BF1D5BF00E645C9 /* Info.plist */,
				4D1791AF2BF1D5BE00E645C9 /* Vocabulary.xcdatamodeld */,
				618E705F2BF21970007AEDFE /* Constants.swift */,
				613F52F52BFCA1E000829DC6 /* GoogleService-Info.plist */,
				613F52F62BFCA1E000829DC6 /* Secret.swift */,
			);
			path = Vocabulary;
			sourceTree = "<group>";
		};
		4D1791BE2BF1E15700E645C9 /* UIKitView */ = {
			isa = PBXGroup;
			children = (
				612ABC8A2BF1FCF80056F127 /* VocaQuiz */,
			);
			path = UIKitView;
			sourceTree = "<group>";
		};
		612ABC852BF1E9B70056F127 /* Entity */ = {
			isa = PBXGroup;
			children = (
				618C71AE2BFE5A5A009AC33B /* BookCase+CoreDataClass.swift */,
				618C71AF2BFE5A5A009AC33B /* BookCase+CoreDataProperties.swift */,
				618C71B02BFE5A5A009AC33B /* WordEntity+CoreDataClass.swift */,
				618C71B12BFE5A5A009AC33B /* WordEntity+CoreDataProperties.swift */,
				61BCB0552BF337B100CF73E4 /* VocaQuizModel.swift */,
				612D10D12BF719030097EDBA /* MyPageData.swift */,
				61B2FFC72BFBAD2900CE039B /* GenQuizModel.swift */,
				61D051752BFC42470056294A /* TranslatedModel.swift */,
				611177B22BFC8F5300A635B8 /* DiffableSectionModel.swift */,
				613F52F92BFCB05800829DC6 /* ReminderModel.swift */,
			);
			path = Entity;
			sourceTree = "<group>";
		};
		612ABC8A2BF1FCF80056F127 /* VocaQuiz */ = {
			isa = PBXGroup;
			children = (
				611186F12BF4DD5E009C2FE9 /* FlashHeaderView.swift */,
				611186F32BF4DE09009C2FE9 /* FlashBodyView.swift */,
				618E706C2BF25328007AEDFE /* QuizHeaderView.swift */,
				618E706E2BF25337007AEDFE /* QuizBodyView.swift */,
				618E70702BF25354007AEDFE /* QuizBottomView.swift */,
				61EEE6912BF5E69C00803AA1 /* HangManHeaderView.swift */,
				61EEE6932BF5E70300803AA1 /* HangManBodyView.swift */,
				61EEE6952BF5E74700803AA1 /* HangManBottomView.swift */,
				612ABC8E2BF200370056F127 /* GameMainHeaderView.swift */,
				612ABC902BF2003E0056F127 /* GameMainBottomView.swift */,
				61EE0BF52BF9777600FD2F32 /* RecordBodyView.swift */,
				61EE0BF42BF9777600FD2F32 /* RecordTableViewCell.swift */,
				618E70652BF229D1007AEDFE /* VocaQuizMainCollectionViewCell.swift */,
				61B2FFBB2BFB8AD900CE039B /* SelectHeaderView.swift */,
				61B2FFBC2BFB8AD900CE039B /* SelectBodyView.swift */,
				61B2FFC52BFBA44C00CE039B /* SelectBottomView.swift */,
			);
			path = VocaQuiz;
			sourceTree = "<group>";
		};
		618E70552BF20387007AEDFE /* Factory */ = {
			isa = PBXGroup;
			children = (
				618E70562BF2039E007AEDFE /* LabelFactory.swift */,
				61EEE6972BF5EDD900803AA1 /* ButtonFactory.swift */,
			);
			path = Factory;
			sourceTree = "<group>";
		};
		618E70612BF21E5A007AEDFE /* Extension */ = {
			isa = PBXGroup;
			children = (
				4DE2544A2E82CFFD0019B39D /* DataFormatter */,
				61BCB0572BF3597000CF73E4 /* General */,
				618E70622BF21E61007AEDFE /* VocaQuiz */,
			);
			path = Extension;
			sourceTree = "<group>";
		};
		618E70622BF21E61007AEDFE /* VocaQuiz */ = {
			isa = PBXGroup;
			children = (
				618E70672BF22A66007AEDFE /* CollectionView+Extension.swift */,
				61B2FFC12BFB8B0A00CE039B /* UIViewControllerTransitioningDelegate.swift */,
				61B2FFC32BFBA0E300CE039B /* Picker+Extension.swift */,
				61B2FFCC2BFBD66F00CE039B /* NotificationCenter.swift */,
			);
			path = VocaQuiz;
			sourceTree = "<group>";
		};
		61BCB0522BF2F4A900CF73E4 /* Service */ = {
			isa = PBXGroup;
			children = (
				61F75F5E2BF4F9E800FCC731 /* AlertController.swift */,
				612D10ED2BF71B630097EDBA /* CoreDataManager.swift */,
			);
			path = Service;
			sourceTree = "<group>";
		};
		61BCB0572BF3597000CF73E4 /* General */ = {
			isa = PBXGroup;
			children = (
				61BCB0582BF3597C00CF73E4 /* UIResponder+Extension.swift */,
				61F75F5C2BF4ED2500FCC731 /* UIColor+Extension.swift */,
				61B2FFBF2BFB8AF500CE039B /* Int+Extension.swift */,
				611177AD2BFC7FF900A635B8 /* UITextField+Extension.swift */,
				FB76494E2BFEF66F001D9162 /* UIViewController+Extension.swift */,
			);
			path = General;
			sourceTree = "<group>";
		};
		61CB7FC82BFB29E700DFA96F /* Config */ = {
			isa = PBXGroup;
			children = (
				61CB7FC92BFB29F400DFA96F /* ThemeColor.swift */,
			);
			path = Config;
			sourceTree = "<group>";
		};
		6BD307252BFCB2B9006009BA /* Recovered References */ = {
			isa = PBXGroup;
			children = (
			);
			name = "Recovered References";
			sourceTree = "<group>";
		};
/* End PBXGroup section */

/* Begin PBXNativeTarget section */
		4D11FFE02E8D870900347372 /* TURTLEVOCATests */ = {
			isa = PBXNativeTarget;
			buildConfigurationList = 4D11FFE72E8D870900347372 /* Build configuration list for PBXNativeTarget "TURTLEVOCATests" */;
			buildPhases = (
				4D11FFDD2E8D870900347372 /* Sources */,
				4D11FFDE2E8D870900347372 /* Frameworks */,
				4D11FFDF2E8D870900347372 /* Resources */,
			);
			buildRules = (
			);
			dependencies = (
				4D11FFE62E8D870900347372 /* PBXTargetDependency */,
			);
			fileSystemSynchronizedGroups = (
				4D11FFE22E8D870900347372 /* TURTLEVOCATests */,
			);
			name = TURTLEVOCATests;
			packageProductDependencies = (
			);
			productName = TURTLEVOCATests;
			productReference = 4D11FFE12E8D870900347372 /* TURTLEVOCATests.xctest */;
			productType = "com.apple.product-type.bundle.unit-test";
		};
		4D1791A22BF1D5BE00E645C9 /* TURTLEVOCA */ = {
			isa = PBXNativeTarget;
			buildConfigurationList = 4D1791BA2BF1D5BF00E645C9 /* Build configuration list for PBXNativeTarget "TURTLEVOCA" */;
			buildPhases = (
				4D17919F2BF1D5BE00E645C9 /* Sources */,
				4D1791A02BF1D5BE00E645C9 /* Frameworks */,
				4D1791A12BF1D5BE00E645C9 /* Resources */,
			);
			buildRules = (
			);
			dependencies = (
			);
			fileSystemSynchronizedGroups = (
				4D11FF7B2E8D4B9800347372 /* Core */,
				4D11FFAA2E8D4B9C00347372 /* Feature */,
				4D5B97C32E7BE6AB00BA80F0 /* Error */,
				4DE2544A2E82CFFD0019B39D /* DataFormatter */,
			);
			name = TURTLEVOCA;
			packageProductDependencies = (
				61EE0BFC2BF9C0E000FD2F32 /* FirebaseAuth */,
				61B2FFCA2BFBBC7B00CE039B /* ProgressHUD */,
				611177B02BFC808F00A635B8 /* CombineCocoa */,
				4DA2ECE62E81826900194848 /* SnapKit */,
				4D138D112E819D64003005D7 /* ComposableArchitecture */,
				4DB675702E9B6015007CE7E4 /* ProfileRecorder */,
			);
			productName = Vocabulary;
			productReference = 4D1791A32BF1D5BE00E645C9 /* TURTLEVOCA.app */;
			productType = "com.apple.product-type.application";
		};
/* End PBXNativeTarget section */

/* Begin PBXProject section */
		4D17919B2BF1D5BE00E645C9 /* Project object */ = {
			isa = PBXProject;
			attributes = {
				BuildIndependentTargetsInParallel = 1;
				LastSwiftUpdateCheck = 1640;
				LastUpgradeCheck = 1640;
				TargetAttributes = {
					4D11FFE02E8D870900347372 = {
						CreatedOnToolsVersion = 16.4;
						TestTargetID = 4D1791A22BF1D5BE00E645C9;
					};
					4D1791A22BF1D5BE00E645C9 = {
						CreatedOnToolsVersion = 15.3;
					};
				};
			};
			buildConfigurationList = 4D17919E2BF1D5BE00E645C9 /* Build configuration list for PBXProject "TURTLEVOCA" */;
			compatibilityVersion = "Xcode 14.0";
			developmentRegion = ko;
			hasScannedForEncodings = 0;
			knownRegions = (
				Base,
				ko,
			);
			mainGroup = 4D17919A2BF1D5BE00E645C9;
			packageReferences = (
				61EE0BFB2BF9C0E000FD2F32 /* XCRemoteSwiftPackageReference "firebase-ios-sdk" */,
				61B2FFC92BFBBC7B00CE039B /* XCRemoteSwiftPackageReference "ProgressHUD" */,
				611177AF2BFC808F00A635B8 /* XCRemoteSwiftPackageReference "CombineCocoa" */,
				4DA2ECE52E81826900194848 /* XCRemoteSwiftPackageReference "SnapKit" */,
				4D138D102E819D64003005D7 /* XCRemoteSwiftPackageReference "swift-composable-architecture" */,
				4DB6756F2E9B6015007CE7E4 /* XCRemoteSwiftPackageReference "swift-profile-recorder" */,
			);
			productRefGroup = 4D1791A42BF1D5BE00E645C9 /* Products */;
			projectDirPath = "";
			projectRoot = "";
			targets = (
				4D1791A22BF1D5BE00E645C9 /* TURTLEVOCA */,
				4D11FFE02E8D870900347372 /* TURTLEVOCATests */,
			);
		};
/* End PBXProject section */

/* Begin PBXResourcesBuildPhase section */
		4D11FFDF2E8D870900347372 /* Resources */ = {
			isa = PBXResourcesBuildPhase;
			buildActionMask = 2147483647;
			files = (
			);
			runOnlyForDeploymentPostprocessing = 0;
		};
		4D1791A12BF1D5BE00E645C9 /* Resources */ = {
			isa = PBXResourcesBuildPhase;
			buildActionMask = 2147483647;
			files = (
				4D1791B32BF1D5BF00E645C9 /* Assets.xcassets in Resources */,
				4D1791B62BF1D5BF00E645C9 /* Base in Resources */,
				613F52F72BFCA1E000829DC6 /* GoogleService-Info.plist in Resources */,
			);
			runOnlyForDeploymentPostprocessing = 0;
		};
/* End PBXResourcesBuildPhase section */

/* Begin PBXSourcesBuildPhase section */
		4D11FFDD2E8D870900347372 /* Sources */ = {
			isa = PBXSourcesBuildPhase;
			buildActionMask = 2147483647;
			files = (
			);
			runOnlyForDeploymentPostprocessing = 0;
		};
		4D17919F2BF1D5BE00E645C9 /* Sources */ = {
			isa = PBXSourcesBuildPhase;
			buildActionMask = 2147483647;
			files = (
				61B2FFBD2BFB8AD900CE039B /* SelectHeaderView.swift in Sources */,
				613F52F82BFCA1E000829DC6 /* Secret.swift in Sources */,
				4D1791A72BF1D5BE00E645C9 /* AppDelegate.swift in Sources */,
				61EE0BF72BF9777600FD2F32 /* RecordTableViewCell.swift in Sources */,
				611177AE2BFC7FF900A635B8 /* UITextField+Extension.swift in Sources */,
				618E706D2BF25328007AEDFE /* QuizHeaderView.swift in Sources */,
				61EEE6942BF5E70300803AA1 /* HangManBodyView.swift in Sources */,
				612ABC912BF2003E0056F127 /* GameMainBottomView.swift in Sources */,
				61B2FFC62BFBA44C00CE039B /* SelectBottomView.swift in Sources */,
				61EEE6922BF5E69C00803AA1 /* HangManHeaderView.swift in Sources */,
				612D10D22BF719030097EDBA /* MyPageData.swift in Sources */,
				61B2FFC22BFB8B0A00CE039B /* UIViewControllerTransitioningDelegate.swift in Sources */,
				618E70602BF21970007AEDFE /* Constants.swift in Sources */,
				61CB7FCA2BFB29F400DFA96F /* ThemeColor.swift in Sources */,
				61F75F5F2BF4F9E800FCC731 /* AlertController.swift in Sources */,
				61F75F5D2BF4ED2500FCC731 /* UIColor+Extension.swift in Sources */,
				4D1791A92BF1D5BE00E645C9 /* SceneDelegate.swift in Sources */,
				612D10EE2BF71B630097EDBA /* CoreDataManager.swift in Sources */,
				611186F22BF4DD5E009C2FE9 /* FlashHeaderView.swift in Sources */,
				61D051762BFC42470056294A /* TranslatedModel.swift in Sources */,
				618E70662BF229D1007AEDFE /* VocaQuizMainCollectionViewCell.swift in Sources */,
				61B2FFC82BFBAD2900CE039B /* GenQuizModel.swift in Sources */,
				61B2FFBE2BFB8AD900CE039B /* SelectBodyView.swift in Sources */,
				61EEE6982BF5EDD900803AA1 /* ButtonFactory.swift in Sources */,
				FB76494F2BFEF66F001D9162 /* UIViewController+Extension.swift in Sources */,
				61BCB0592BF3597C00CF73E4 /* UIResponder+Extension.swift in Sources */,
				618E706F2BF25337007AEDFE /* QuizBodyView.swift in Sources */,
				618E70682BF22A66007AEDFE /* CollectionView+Extension.swift in Sources */,
				618E70712BF25354007AEDFE /* QuizBottomView.swift in Sources */,
				611177B32BFC8F5300A635B8 /* DiffableSectionModel.swift in Sources */,
				61B2FFC42BFBA0E300CE039B /* Picker+Extension.swift in Sources */,
				612ABC8F2BF200370056F127 /* GameMainHeaderView.swift in Sources */,
				61BCB0562BF337B100CF73E4 /* VocaQuizModel.swift in Sources */,
				618C71B22BFE5A5A009AC33B /* BookCase+CoreDataClass.swift in Sources */,
				618C71B32BFE5A5A009AC33B /* BookCase+CoreDataProperties.swift in Sources */,
				618C71B42BFE5A5A009AC33B /* WordEntity+CoreDataClass.swift in Sources */,
				618C71B52BFE5A5A009AC33B /* WordEntity+CoreDataProperties.swift in Sources */,
				61EEE6962BF5E74700803AA1 /* HangManBottomView.swift in Sources */,
				61B2FFC02BFB8AF500CE039B /* Int+Extension.swift in Sources */,
				61B2FFCD2BFBD66F00CE039B /* NotificationCenter.swift in Sources */,
				4D1791B12BF1D5BE00E645C9 /* Vocabulary.xcdatamodeld in Sources */,
				61EE0BF82BF9777600FD2F32 /* RecordBodyView.swift in Sources */,
				611186F42BF4DE09009C2FE9 /* FlashBodyView.swift in Sources */,
				618E70572BF2039E007AEDFE /* LabelFactory.swift in Sources */,
				613F52FA2BFCB05800829DC6 /* ReminderModel.swift in Sources */,
			);
			runOnlyForDeploymentPostprocessing = 0;
		};
/* End PBXSourcesBuildPhase section */

/* Begin PBXTargetDependency section */
		4D11FFE62E8D870900347372 /* PBXTargetDependency */ = {
			isa = PBXTargetDependency;
			target = 4D1791A22BF1D5BE00E645C9 /* TURTLEVOCA */;
			targetProxy = 4D11FFE52E8D870900347372 /* PBXContainerItemProxy */;
		};
/* End PBXTargetDependency section */

/* Begin PBXVariantGroup section */
		4D1791B42BF1D5BF00E645C9 /* LaunchScreen.storyboard */ = {
			isa = PBXVariantGroup;
			children = (
				4D1791B52BF1D5BF00E645C9 /* Base */,
				4D31DF932C3E6008009150C8 /* ko */,
			);
			name = LaunchScreen.storyboard;
			sourceTree = "<group>";
		};
/* End PBXVariantGroup section */

/* Begin XCBuildConfiguration section */
		4D11FFE82E8D870900347372 /* Debug */ = {
			isa = XCBuildConfiguration;
			buildSettings = {
				BUNDLE_LOADER = "$(TEST_HOST)";
				CODE_SIGN_STYLE = Automatic;
				CURRENT_PROJECT_VERSION = 1;
				DEVELOPMENT_TEAM = U68CWSQ94X;
				GENERATE_INFOPLIST_FILE = YES;
				IPHONEOS_DEPLOYMENT_TARGET = 18.5;
				MARKETING_VERSION = 1.0;
				PRODUCT_BUNDLE_IDENTIFIER = sijongKim.TURTLEVOCATests;
				PRODUCT_NAME = "$(TARGET_NAME)";
				SWIFT_EMIT_LOC_STRINGS = NO;
				SWIFT_VERSION = 5.0;
				TARGETED_DEVICE_FAMILY = "1,2";
				TEST_HOST = "$(BUILT_PRODUCTS_DIR)/TURTLEVOCA.app/$(BUNDLE_EXECUTABLE_FOLDER_PATH)/TURTLEVOCA";
			};
			name = Debug;
		};
		4D11FFE92E8D870900347372 /* Release */ = {
			isa = XCBuildConfiguration;
			buildSettings = {
				BUNDLE_LOADER = "$(TEST_HOST)";
				CODE_SIGN_STYLE = Automatic;
				CURRENT_PROJECT_VERSION = 1;
				DEVELOPMENT_TEAM = U68CWSQ94X;
				GENERATE_INFOPLIST_FILE = YES;
				IPHONEOS_DEPLOYMENT_TARGET = 18.5;
				MARKETING_VERSION = 1.0;
				PRODUCT_BUNDLE_IDENTIFIER = sijongKim.TURTLEVOCATests;
				PRODUCT_NAME = "$(TARGET_NAME)";
				SWIFT_EMIT_LOC_STRINGS = NO;
				SWIFT_VERSION = 5.0;
				TARGETED_DEVICE_FAMILY = "1,2";
				TEST_HOST = "$(BUILT_PRODUCTS_DIR)/TURTLEVOCA.app/$(BUNDLE_EXECUTABLE_FOLDER_PATH)/TURTLEVOCA";
			};
			name = Release;
		};
		4D1791B82BF1D5BF00E645C9 /* Debug */ = {
			isa = XCBuildConfiguration;
			buildSettings = {
				ALWAYS_SEARCH_USER_PATHS = NO;
				ASSETCATALOG_COMPILER_GENERATE_SWIFT_ASSET_SYMBOL_EXTENSIONS = YES;
				CLANG_ANALYZER_LOCALIZABILITY_NONLOCALIZED = YES;
				CLANG_ANALYZER_NONNULL = YES;
				CLANG_ANALYZER_NUMBER_OBJECT_CONVERSION = YES_AGGRESSIVE;
				CLANG_CXX_LANGUAGE_STANDARD = "gnu++20";
				CLANG_ENABLE_MODULES = YES;
				CLANG_ENABLE_OBJC_ARC = YES;
				CLANG_ENABLE_OBJC_WEAK = YES;
				CLANG_WARN_BLOCK_CAPTURE_AUTORELEASING = YES;
				CLANG_WARN_BOOL_CONVERSION = YES;
				CLANG_WARN_COMMA = YES;
				CLANG_WARN_CONSTANT_CONVERSION = YES;
				CLANG_WARN_DEPRECATED_OBJC_IMPLEMENTATIONS = YES;
				CLANG_WARN_DIRECT_OBJC_ISA_USAGE = YES_ERROR;
				CLANG_WARN_DOCUMENTATION_COMMENTS = YES;
				CLANG_WARN_EMPTY_BODY = YES;
				CLANG_WARN_ENUM_CONVERSION = YES;
				CLANG_WARN_INFINITE_RECURSION = YES;
				CLANG_WARN_INT_CONVERSION = YES;
				CLANG_WARN_NON_LITERAL_NULL_CONVERSION = YES;
				CLANG_WARN_OBJC_IMPLICIT_RETAIN_SELF = YES;
				CLANG_WARN_OBJC_LITERAL_CONVERSION = YES;
				CLANG_WARN_OBJC_ROOT_CLASS = YES_ERROR;
				CLANG_WARN_QUOTED_INCLUDE_IN_FRAMEWORK_HEADER = YES;
				CLANG_WARN_RANGE_LOOP_ANALYSIS = YES;
				CLANG_WARN_STRICT_PROTOTYPES = YES;
				CLANG_WARN_SUSPICIOUS_MOVE = YES;
				CLANG_WARN_UNGUARDED_AVAILABILITY = YES_AGGRESSIVE;
				CLANG_WARN_UNREACHABLE_CODE = YES;
				CLANG_WARN__DUPLICATE_METHOD_MATCH = YES;
				COPY_PHASE_STRIP = NO;
				DEBUG_INFORMATION_FORMAT = dwarf;
				DEVELOPMENT_TEAM = U68CWSQ94X;
				ENABLE_STRICT_OBJC_MSGSEND = YES;
				ENABLE_TESTABILITY = YES;
				ENABLE_USER_SCRIPT_SANDBOXING = YES;
				GCC_C_LANGUAGE_STANDARD = gnu17;
				GCC_DYNAMIC_NO_PIC = NO;
				GCC_NO_COMMON_BLOCKS = YES;
				GCC_OPTIMIZATION_LEVEL = 0;
				GCC_PREPROCESSOR_DEFINITIONS = (
					"DEBUG=1",
					"$(inherited)",
				);
				GCC_WARN_64_TO_32_BIT_CONVERSION = YES;
				GCC_WARN_ABOUT_RETURN_TYPE = YES_ERROR;
				GCC_WARN_UNDECLARED_SELECTOR = YES;
				GCC_WARN_UNINITIALIZED_AUTOS = YES_AGGRESSIVE;
				GCC_WARN_UNUSED_FUNCTION = YES;
				GCC_WARN_UNUSED_VARIABLE = YES;
				IPHONEOS_DEPLOYMENT_TARGET = 16.0;
				LOCALIZATION_PREFERS_STRING_CATALOGS = YES;
				MTL_ENABLE_DEBUG_INFO = INCLUDE_SOURCE;
				MTL_FAST_MATH = YES;
				ONLY_ACTIVE_ARCH = YES;
				SDKROOT = iphoneos;
				SWIFT_ACTIVE_COMPILATION_CONDITIONS = "DEBUG $(inherited)";
				SWIFT_OPTIMIZATION_LEVEL = "-Onone";
			};
			name = Debug;
		};
		4D1791B92BF1D5BF00E645C9 /* Release */ = {
			isa = XCBuildConfiguration;
			buildSettings = {
				ALWAYS_SEARCH_USER_PATHS = NO;
				ASSETCATALOG_COMPILER_GENERATE_SWIFT_ASSET_SYMBOL_EXTENSIONS = YES;
				CLANG_ANALYZER_LOCALIZABILITY_NONLOCALIZED = YES;
				CLANG_ANALYZER_NONNULL = YES;
				CLANG_ANALYZER_NUMBER_OBJECT_CONVERSION = YES_AGGRESSIVE;
				CLANG_CXX_LANGUAGE_STANDARD = "gnu++20";
				CLANG_ENABLE_MODULES = YES;
				CLANG_ENABLE_OBJC_ARC = YES;
				CLANG_ENABLE_OBJC_WEAK = YES;
				CLANG_WARN_BLOCK_CAPTURE_AUTORELEASING = YES;
				CLANG_WARN_BOOL_CONVERSION = YES;
				CLANG_WARN_COMMA = YES;
				CLANG_WARN_CONSTANT_CONVERSION = YES;
				CLANG_WARN_DEPRECATED_OBJC_IMPLEMENTATIONS = YES;
				CLANG_WARN_DIRECT_OBJC_ISA_USAGE = YES_ERROR;
				CLANG_WARN_DOCUMENTATION_COMMENTS = YES;
				CLANG_WARN_EMPTY_BODY = YES;
				CLANG_WARN_ENUM_CONVERSION = YES;
				CLANG_WARN_INFINITE_RECURSION = YES;
				CLANG_WARN_INT_CONVERSION = YES;
				CLANG_WARN_NON_LITERAL_NULL_CONVERSION = YES;
				CLANG_WARN_OBJC_IMPLICIT_RETAIN_SELF = YES;
				CLANG_WARN_OBJC_LITERAL_CONVERSION = YES;
				CLANG_WARN_OBJC_ROOT_CLASS = YES_ERROR;
				CLANG_WARN_QUOTED_INCLUDE_IN_FRAMEWORK_HEADER = YES;
				CLANG_WARN_RANGE_LOOP_ANALYSIS = YES;
				CLANG_WARN_STRICT_PROTOTYPES = YES;
				CLANG_WARN_SUSPICIOUS_MOVE = YES;
				CLANG_WARN_UNGUARDED_AVAILABILITY = YES_AGGRESSIVE;
				CLANG_WARN_UNREACHABLE_CODE = YES;
				CLANG_WARN__DUPLICATE_METHOD_MATCH = YES;
				COPY_PHASE_STRIP = NO;
				DEBUG_INFORMATION_FORMAT = "dwarf-with-dsym";
				DEVELOPMENT_TEAM = U68CWSQ94X;
				ENABLE_NS_ASSERTIONS = NO;
				ENABLE_STRICT_OBJC_MSGSEND = YES;
				ENABLE_USER_SCRIPT_SANDBOXING = YES;
				GCC_C_LANGUAGE_STANDARD = gnu17;
				GCC_NO_COMMON_BLOCKS = YES;
				GCC_WARN_64_TO_32_BIT_CONVERSION = YES;
				GCC_WARN_ABOUT_RETURN_TYPE = YES_ERROR;
				GCC_WARN_UNDECLARED_SELECTOR = YES;
				GCC_WARN_UNINITIALIZED_AUTOS = YES_AGGRESSIVE;
				GCC_WARN_UNUSED_FUNCTION = YES;
				GCC_WARN_UNUSED_VARIABLE = YES;
				IPHONEOS_DEPLOYMENT_TARGET = 16.0;
				LOCALIZATION_PREFERS_STRING_CATALOGS = YES;
				MTL_ENABLE_DEBUG_INFO = NO;
				MTL_FAST_MATH = YES;
				SDKROOT = iphoneos;
				SWIFT_COMPILATION_MODE = wholemodule;
				VALIDATE_PRODUCT = YES;
			};
			name = Release;
		};
		4D1791BB2BF1D5BF00E645C9 /* Debug */ = {
			isa = XCBuildConfiguration;
			buildSettings = {
				ASSETCATALOG_COMPILER_APPICON_NAME = AppIcon;
				ASSETCATALOG_COMPILER_GLOBAL_ACCENT_COLOR_NAME = AccentColor;
				CODE_SIGN_ENTITLEMENTS = Vocabulary/Vocabulary.entitlements;
				CODE_SIGN_IDENTITY = "Apple Development";
				CODE_SIGN_STYLE = Automatic;
				CURRENT_PROJECT_VERSION = 1;
				DEVELOPMENT_TEAM = U68CWSQ94X;
				EXCLUDED_ARCHS = "";
				GENERATE_INFOPLIST_FILE = YES;
				INFOPLIST_FILE = Vocabulary/Info.plist;
				INFOPLIST_KEY_CFBundleDisplayName = TURTLEVOCA;
				INFOPLIST_KEY_UIApplicationSupportsIndirectInputEvents = YES;
				INFOPLIST_KEY_UILaunchStoryboardName = LaunchScreen;
				INFOPLIST_KEY_UIMainStoryboardFile = "";
				INFOPLIST_KEY_UISupportedInterfaceOrientations_iPad = "UIInterfaceOrientationPortrait UIInterfaceOrientationPortraitUpsideDown UIInterfaceOrientationLandscapeLeft UIInterfaceOrientationLandscapeRight";
				INFOPLIST_KEY_UISupportedInterfaceOrientations_iPhone = "UIInterfaceOrientationPortrait UIInterfaceOrientationLandscapeLeft UIInterfaceOrientationLandscapeRight";
				IPHONEOS_DEPLOYMENT_TARGET = 16.0;
				LD_RUNPATH_SEARCH_PATHS = (
					"$(inherited)",
					"@executable_path/Frameworks",
				);
				MARKETING_VERSION = 1.1;
				PRODUCT_BUNDLE_IDENTIFIER = com.TurtleVOCA;
				PRODUCT_NAME = "$(TARGET_NAME)";
				PROVISIONING_PROFILE_SPECIFIER = "";
				SUPPORTED_PLATFORMS = "iphoneos iphonesimulator";
				SUPPORTS_MACCATALYST = NO;
				SUPPORTS_MAC_DESIGNED_FOR_IPHONE_IPAD = NO;
				SUPPORTS_XR_DESIGNED_FOR_IPHONE_IPAD = NO;
				SWIFT_EMIT_LOC_STRINGS = YES;
				SWIFT_VERSION = 5.0;
				TARGETED_DEVICE_FAMILY = 1;
			};
			name = Debug;
		};
		4D1791BC2BF1D5BF00E645C9 /* Release */ = {
			isa = XCBuildConfiguration;
			buildSettings = {
				ASSETCATALOG_COMPILER_APPICON_NAME = AppIcon;
				ASSETCATALOG_COMPILER_GLOBAL_ACCENT_COLOR_NAME = AccentColor;
				CODE_SIGN_ENTITLEMENTS = Vocabulary/Vocabulary.entitlements;
				CODE_SIGN_IDENTITY = "Apple Development";
				CODE_SIGN_STYLE = Automatic;
				CURRENT_PROJECT_VERSION = 1;
				DEVELOPMENT_TEAM = U68CWSQ94X;
				EXCLUDED_ARCHS = "";
				GENERATE_INFOPLIST_FILE = YES;
				INFOPLIST_FILE = Vocabulary/Info.plist;
				INFOPLIST_KEY_CFBundleDisplayName = TURTLEVOCA;
				INFOPLIST_KEY_UIApplicationSupportsIndirectInputEvents = YES;
				INFOPLIST_KEY_UILaunchStoryboardName = LaunchScreen;
				INFOPLIST_KEY_UIMainStoryboardFile = "";
				INFOPLIST_KEY_UISupportedInterfaceOrientations_iPad = "UIInterfaceOrientationPortrait UIInterfaceOrientationPortraitUpsideDown UIInterfaceOrientationLandscapeLeft UIInterfaceOrientationLandscapeRight";
				INFOPLIST_KEY_UISupportedInterfaceOrientations_iPhone = "UIInterfaceOrientationPortrait UIInterfaceOrientationLandscapeLeft UIInterfaceOrientationLandscapeRight";
				IPHONEOS_DEPLOYMENT_TARGET = 16.0;
				LD_RUNPATH_SEARCH_PATHS = (
					"$(inherited)",
					"@executable_path/Frameworks",
				);
				MARKETING_VERSION = 1.1;
				PRODUCT_BUNDLE_IDENTIFIER = com.TurtleVOCA;
				PRODUCT_NAME = "$(TARGET_NAME)";
				PROVISIONING_PROFILE_SPECIFIER = "";
				SUPPORTED_PLATFORMS = "iphoneos iphonesimulator";
				SUPPORTS_MACCATALYST = NO;
				SUPPORTS_MAC_DESIGNED_FOR_IPHONE_IPAD = NO;
				SUPPORTS_XR_DESIGNED_FOR_IPHONE_IPAD = NO;
				SWIFT_EMIT_LOC_STRINGS = YES;
				SWIFT_VERSION = 5.0;
				TARGETED_DEVICE_FAMILY = 1;
			};
			name = Release;
		};
/* End XCBuildConfiguration section */

/* Begin XCConfigurationList section */
		4D11FFE72E8D870900347372 /* Build configuration list for PBXNativeTarget "TURTLEVOCATests" */ = {
			isa = XCConfigurationList;
			buildConfigurations = (
				4D11FFE82E8D870900347372 /* Debug */,
				4D11FFE92E8D870900347372 /* Release */,
			);
			defaultConfigurationIsVisible = 0;
			defaultConfigurationName = Release;
		};
		4D17919E2BF1D5BE00E645C9 /* Build configuration list for PBXProject "TURTLEVOCA" */ = {
			isa = XCConfigurationList;
			buildConfigurations = (
				4D1791B82BF1D5BF00E645C9 /* Debug */,
				4D1791B92BF1D5BF00E645C9 /* Release */,
			);
			defaultConfigurationIsVisible = 0;
			defaultConfigurationName = Release;
		};
		4D1791BA2BF1D5BF00E645C9 /* Build configuration list for PBXNativeTarget "TURTLEVOCA" */ = {
			isa = XCConfigurationList;
			buildConfigurations = (
				4D1791BB2BF1D5BF00E645C9 /* Debug */,
				4D1791BC2BF1D5BF00E645C9 /* Release */,
			);
			defaultConfigurationIsVisible = 0;
			defaultConfigurationName = Release;
		};
/* End XCConfigurationList section */

/* Begin XCRemoteSwiftPackageReference section */
		4D138D102E819D64003005D7 /* XCRemoteSwiftPackageReference "swift-composable-architecture" */ = {
			isa = XCRemoteSwiftPackageReference;
			repositoryURL = "https://github.com/pointfreeco/swift-composable-architecture";
			requirement = {
				kind = upToNextMajorVersion;
				minimumVersion = 1.19.1;
			};
		};
		4DA2ECE52E81826900194848 /* XCRemoteSwiftPackageReference "SnapKit" */ = {
			isa = XCRemoteSwiftPackageReference;
			repositoryURL = "https://github.com/SnapKit/SnapKit.git";
			requirement = {
				kind = upToNextMajorVersion;
				minimumVersion = 5.7.1;
			};
		};
		4DB6756F2E9B6015007CE7E4 /* XCRemoteSwiftPackageReference "swift-profile-recorder" */ = {
			isa = XCRemoteSwiftPackageReference;
			repositoryURL = "https://github.com/apple/swift-profile-recorder.git";
			requirement = {
				kind = upToNextMajorVersion;
				minimumVersion = 0.3.7;
			};
		};
		611177AF2BFC808F00A635B8 /* XCRemoteSwiftPackageReference "CombineCocoa" */ = {
			isa = XCRemoteSwiftPackageReference;
			repositoryURL = "https://github.com/CombineCommunity/CombineCocoa";
			requirement = {
				kind = upToNextMajorVersion;
				minimumVersion = 0.4.1;
			};
		};
		61B2FFC92BFBBC7B00CE039B /* XCRemoteSwiftPackageReference "ProgressHUD" */ = {
			isa = XCRemoteSwiftPackageReference;
			repositoryURL = "https://github.com/relatedcode/ProgressHUD.git";
			requirement = {
				kind = upToNextMajorVersion;
				minimumVersion = 14.1.3;
			};
		};
		61EE0BFB2BF9C0E000FD2F32 /* XCRemoteSwiftPackageReference "firebase-ios-sdk" */ = {
			isa = XCRemoteSwiftPackageReference;
			repositoryURL = "https://github.com/firebase/firebase-ios-sdk";
			requirement = {
				kind = upToNextMajorVersion;
				minimumVersion = 10.26.0;
			};
		};
/* End XCRemoteSwiftPackageReference section */

/* Begin XCSwiftPackageProductDependency section */
		4D138D112E819D64003005D7 /* ComposableArchitecture */ = {
			isa = XCSwiftPackageProductDependency;
			package = 4D138D102E819D64003005D7 /* XCRemoteSwiftPackageReference "swift-composable-architecture" */;
			productName = ComposableArchitecture;
		};
		4DA2ECE62E81826900194848 /* SnapKit */ = {
			isa = XCSwiftPackageProductDependency;
			package = 4DA2ECE52E81826900194848 /* XCRemoteSwiftPackageReference "SnapKit" */;
			productName = SnapKit;
		};
		4DB675702E9B6015007CE7E4 /* ProfileRecorder */ = {
			isa = XCSwiftPackageProductDependency;
			package = 4DB6756F2E9B6015007CE7E4 /* XCRemoteSwiftPackageReference "swift-profile-recorder" */;
			productName = ProfileRecorder;
		};
		611177B02BFC808F00A635B8 /* CombineCocoa */ = {
			isa = XCSwiftPackageProductDependency;
			package = 611177AF2BFC808F00A635B8 /* XCRemoteSwiftPackageReference "CombineCocoa" */;
			productName = CombineCocoa;
		};
		61B2FFCA2BFBBC7B00CE039B /* ProgressHUD */ = {
			isa = XCSwiftPackageProductDependency;
			package = 61B2FFC92BFBBC7B00CE039B /* XCRemoteSwiftPackageReference "ProgressHUD" */;
			productName = ProgressHUD;
		};
		61EE0BFC2BF9C0E000FD2F32 /* FirebaseAuth */ = {
			isa = XCSwiftPackageProductDependency;
			package = 61EE0BFB2BF9C0E000FD2F32 /* XCRemoteSwiftPackageReference "firebase-ios-sdk" */;
			productName = FirebaseAuth;
		};
/* End XCSwiftPackageProductDependency section */

/* Begin XCVersionGroup section */
		4D1791AF2BF1D5BE00E645C9 /* Vocabulary.xcdatamodeld */ = {
			isa = XCVersionGroup;
			children = (
				4D1791B02BF1D5BE00E645C9 /* Vocabulary.xcdatamodel */,
			);
			currentVersion = 4D1791B02BF1D5BE00E645C9 /* Vocabulary.xcdatamodel */;
			path = Vocabulary.xcdatamodeld;
			sourceTree = "<group>";
			versionGroupType = wrapper.xcdatamodel;
		};
/* End XCVersionGroup section */
	};
	rootObject = 4D17919B2BF1D5BE00E645C9 /* Project object */;
}
